PODS:
  - Alamofire (4.8.0)
  - SDWebImage (4.4.3):
    - SDWebImage/Core (= 4.4.3)
  - SDWebImage/Core (4.4.3)
  - SKPhotoBrowser (6.0.0)
  - SwiftyJSON (4.2.0)

DEPENDENCIES:
  - Alamofire
  - SDWebImage
  - SKPhotoBrowser
  - SwiftyJSON

SPEC REPOS:
  https://github.com/cocoapods/specs.git:
    - Alamofire
    - SDWebImage
    - SKPhotoBrowser
    - SwiftyJSON

SPEC CHECKSUMS:
  Alamofire: 3ec537f71edc9804815215393ae2b1a8ea33a844
  SDWebImage: c5594f1a19c48d526d321e548902b56b479cd508
  SKPhotoBrowser: 76eb862685761707b5745fde7762757966565e07
  SwiftyJSON: c4bcba26dd9ec7a027fc8eade48e2c911f229e96

PODFILE CHECKSUM: b48053c65c7dd1ace2c5dd1d5063e640e7ff120e

COCOAPODS: 1.5.3
