// !$*UTF8*$!
{
	archiveVersion = 1;
	classes = {
	};
	objectVersion = 48;
	objects = {

/* Begin PBXBuildFile section */
		18C16A1A21AD2F3A00C135A2 /* AppDelegate.swift in Sources */ = {isa = PBXBuildFile; fileRef = 18C16A1921AD2F3A00C135A2 /* AppDelegate.swift */; };
		18C16A1C21AD2F3A00C135A2 /* ViewController.swift in Sources */ = {isa = PBXBuildFile; fileRef = 18C16A1B21AD2F3A00C135A2 /* ViewController.swift */; };
		18C16A1F21AD2F3A00C135A2 /* Main.storyboard in Resources */ = {isa = PBXBuildFile; fileRef = 18C16A1D21AD2F3A00C135A2 /* Main.storyboard */; };
		18C16A2121AD2F3A00C135A2 /* Assets.xcassets in Resources */ = {isa = PBXBuildFile; fileRef = 18C16A2021AD2F3A00C135A2 /* Assets.xcassets */; };
		18C16A2421AD2F3A00C135A2 /* LaunchScreen.storyboard in Resources */ = {isa = PBXBuildFile; fileRef = 18C16A2221AD2F3A00C135A2 /* LaunchScreen.storyboard */; };
/* End PBXBuildFile section */

/* Begin PBXFileReference section */
		18C16A1621AD2F3A00C135A2 /* KaoYan-ners.app */ = {isa = PBXFileReference; explicitFileType = wrapper.application; includeInIndex = 0; path = "KaoYan-ners.app"; sourceTree = BUILT_PRODUCTS_DIR; };
		18C16A1921AD2F3A00C135A2 /* AppDelegate.swift */ = {isa = PBXFileReference; lastKnownFileType = sourcecode.swift; path = AppDelegate.swift; sourceTree = "<group>"; };
		18C16A1B21AD2F3A00C135A2 /* ViewController.swift */ = {isa = PBXFileReference; lastKnownFileType = sourcecode.swift; path = ViewController.swift; sourceTree = "<group>"; };
		18C16A1E21AD2F3A00C135A2 /* Base */ = {isa = PBXFileReference; lastKnownFileType = file.storyboard; name = Base; path = Base.lproj/Main.storyboard; sourceTree = "<group>"; };
		18C16A2021AD2F3A00C135A2 /* Assets.xcassets */ = {isa = PBXFileReference; lastKnownFileType = folder.assetcatalog; path = Assets.xcassets; sourceTree = "<group>"; };
		18C16A2321AD2F3A00C135A2 /* Base */ = {isa = PBXFileReference; lastKnownFileType = file.storyboard; name = Base; path = Base.lproj/LaunchScreen.storyboard; sourceTree = "<group>"; };
		18C16A2521AD2F3A00C135A2 /* Info.plist */ = {isa = PBXFileReference; lastKnownFileType = text.plist.xml; path = Info.plist; sourceTree = "<group>"; };
/* End PBXFileReference section */

/* Begin PBXFrameworksBuildPhase section */
		18C16A1321AD2F3A00C135A2 /* Frameworks */ = {
			isa = PBXFrameworksBuildPhase;
			buildActionMask = 2147483647;
			files = (
			);
			runOnlyForDeploymentPostprocessing = 0;
		};
/* End PBXFrameworksBuildPhase section */

/* Begin PBXGroup section */
		18C16A0D21AD2F3A00C135A2 = {
			isa = PBXGroup;
			children = (
				18C16A1821AD2F3A00C135A2 /* KaoYan-ners */,
				18C16A1721AD2F3A00C135A2 /* Products */,
			);
			sourceTree = "<group>";
		};
		18C16A1721AD2F3A00C135A2 /* Products */ = {
			isa = PBXGroup;
			children = (
				18C16A1621AD2F3A00C135A2 /* KaoYan-ners.app */,
			);
			name = Products;
			sourceTree = "<group>";
		};
		18C16A1821AD2F3A00C135A2 /* KaoYan-ners */ = {
			isa = PBXGroup;
			children = (
				18C16A1921AD2F3A00C135A2 /* AppDelegate.swift */,
				18C16A1B21AD2F3A00C135A2 /* ViewController.swift */,
				18C16A1D21AD2F3A00C135A2 /* Main.storyboard */,
				18C16A2021AD2F3A00C135A2 /* Assets.xcassets */,
				18C16A2221AD2F3A00C135A2 /* LaunchScreen.storyboard */,
				18C16A2521AD2F3A00C135A2 /* Info.plist */,
			);
			path = "KaoYan-ners";
			sourceTree = "<group>";
		};
/* End PBXGroup section */

/* Begin PBXNativeTarget section */
		18C16A1521AD2F3A00C135A2 /* KaoYan-ners */ = {
			isa = PBXNativeTarget;
			buildConfigurationList = 18C16A2821AD2F3A00C135A2 /* Build configuration list for PBXNativeTarget "KaoYan-ners" */;
			buildPhases = (
				18C16A1221AD2F3A00C135A2 /* Sources */,
				18C16A1321AD2F3A00C135A2 /* Frameworks */,
				18C16A1421AD2F3A00C135A2 /* Resources */,
			);
			buildRules = (
			);
			dependencies = (
			);
			name = "KaoYan-ners";
			productName = "KaoYan-ners";
			productReference = 18C16A1621AD2F3A00C135A2 /* KaoYan-ners.app */;
			productType = "com.apple.product-type.application";
		};
/* End PBXNativeTarget section */

/* Begin PBXProject section */
		18C16A0E21AD2F3A00C135A2 /* Project object */ = {
			isa = PBXProject;
			attributes = {
				LastSwiftUpdateCheck = 0910;
				LastUpgradeCheck = 0910;
				ORGANIZATIONNAME = Sinestro;
				TargetAttributes = {
					18C16A1521AD2F3A00C135A2 = {
						CreatedOnToolsVersion = 9.1;
						ProvisioningStyle = Automatic;
					};
				};
			};
			buildConfigurationList = 18C16A1121AD2F3A00C135A2 /* Build configuration list for PBXProject "KaoYan-ners" */;
			compatibilityVersion = "Xcode 8.0";
			developmentRegion = en;
			hasScannedForEncodings = 0;
			knownRegions = (
				en,
				Base,
			);
			mainGroup = 18C16A0D21AD2F3A00C135A2;
			productRefGroup = 18C16A1721AD2F3A00C135A2 /* Products */;
			projectDirPath = "";
			projectRoot = "";
			targets = (
				18C16A1521AD2F3A00C135A2 /* KaoYan-ners */,
			);
		};
/* End PBXProject section */

/* Begin PBXResourcesBuildPhase section */
		18C16A1421AD2F3A00C135A2 /* Resources */ = {
			isa = PBXResourcesBuildPhase;
			buildActionMask = 2147483647;
			files = (
				18C16A2421AD2F3A00C135A2 /* LaunchScreen.storyboard in Resources */,
				18C16A2121AD2F3A00C135A2 /* Assets.xcassets in Resources */,
				18C16A1F21AD2F3A00C135A2 /* Main.storyboard in Resources */,
			);
			runOnlyForDeploymentPostprocessing = 0;
		};
/* End PBXResourcesBuildPhase section */

/* Begin PBXSourcesBuildPhase section */
		18C16A1221AD2F3A00C135A2 /* Sources */ = {
			isa = PBXSourcesBuildPhase;
			buildActionMask = 2147483647;
			files = (
				18C16A1C21AD2F3A00C135A2 /* ViewController.swift in Sources */,
				18C16A1A21AD2F3A00C135A2 /* AppDelegate.swift in Sources */,
			);
			runOnlyForDeploymentPostprocessing = 0;
		};
/* End PBXSourcesBuildPhase section */

/* Begin PBXVariantGroup section */
		18C16A1D21AD2F3A00C135A2 /* Main.storyboard */ = {
			isa = PBXVariantGroup;
			children = (
				18C16A1E21AD2F3A00C135A2 /* Base */,
			);
			name = Main.storyboard;
			sourceTree = "<group>";
		};
		18C16A2221AD2F3A00C135A2 /* LaunchScreen.storyboard */ = {
			isa = PBXVariantGroup;
			children = (
				18C16A2321AD2F3A00C135A2 /* Base */,
			);
			name = LaunchScreen.storyboard;
			sourceTree = "<group>";
		};
/* End PBXVariantGroup section */

/* Begin XCBuildConfiguration section */
		18C16A2621AD2F3A00C135A2 /* Debug */ = {
			isa = XCBuildConfiguration;
			buildSettings = {
				ALWAYS_SEARCH_USER_PATHS = NO;
				CLANG_ANALYZER_NONNULL = YES;
				CLANG_ANALYZER_NUMBER_OBJECT_CONVERSION = YES_AGGRESSIVE;
				CLANG_CXX_LANGUAGE_STANDARD = "gnu++14";
				CLANG_CXX_LIBRARY = "libc++";
				CLANG_ENABLE_MODULES = YES;
				CLANG_ENABLE_OBJC_ARC = YES;
				CLANG_WARN_BLOCK_CAPTURE_AUTORELEASING = YES;
				CLANG_WARN_BOOL_CONVERSION = YES;
				CLANG_WARN_COMMA = YES;
				CLANG_WARN_CONSTANT_CONVERSION = YES;
				CLANG_WARN_DIRECT_OBJC_ISA_USAGE = YES_ERROR;
				CLANG_WARN_DOCUMENTATION_COMMENTS = YES;
				CLANG_WARN_EMPTY_BODY = YES;
				CLANG_WARN_ENUM_CONVERSION = YES;
				CLANG_WARN_INFINITE_RECURSION = YES;
				CLANG_WARN_INT_CONVERSION = YES;
				CLANG_WARN_NON_LITERAL_NULL_CONVERSION = YES;
				CLANG_WARN_OBJC_LITERAL_CONVERSION = YES;
				CLANG_WARN_OBJC_ROOT_CLASS = YES_ERROR;
				CLANG_WARN_RANGE_LOOP_ANALYSIS = YES;
				CLANG_WARN_STRICT_PROTOTYPES = YES;
				CLANG_WARN_SUSPICIOUS_MOVE = YES;
				CLANG_WARN_UNGUARDED_AVAILABILITY = YES_AGGRESSIVE;
				CLANG_WARN_UNREACHABLE_CODE = YES;
				CLANG_WARN__DUPLICATE_METHOD_MATCH = YES;
				CODE_SIGN_IDENTITY = "iPhone Developer";
				COPY_PHASE_STRIP = NO;
				DEBUG_INFORMATION_FORMAT = dwarf;
				ENABLE_STRICT_OBJC_MSGSEND = YES;
				ENABLE_TESTABILITY = YES;
				GCC_C_LANGUAGE_STANDARD = gnu11;
				GCC_DYNAMIC_NO_PIC = NO;
				GCC_NO_COMMON_BLOCKS = YES;
				GCC_OPTIMIZATION_LEVEL = 0;
				GCC_PREPROCESSOR_DEFINITIONS = (
					"DEBUG=1",
					"$(inherited)",
				);
				GCC_WARN_64_TO_32_BIT_CONVERSION = YES;
				GCC_WARN_ABOUT_RETURN_TYPE = YES_ERROR;
				GCC_WARN_UNDECLARED_SELECTOR = YES;
				GCC_WARN_UNINITIALIZED_AUTOS = YES_AGGRESSIVE;
				GCC_WARN_UNUSED_FUNCTION = YES;
				GCC_WARN_UNUSED_VARIABLE = YES;
				IPHONEOS_DEPLOYMENT_TARGET = 11.1;
				MTL_ENABLE_DEBUG_INFO = YES;
				ONLY_ACTIVE_ARCH = YES;
				SDKROOT = iphoneos;
				SWIFT_ACTIVE_COMPILATION_CONDITIONS = DEBUG;
				SWIFT_OPTIMIZATION_LEVEL = "-Onone";
			};
			name = Debug;
		};
		18C16A2721AD2F3A00C135A2 /* Release */ = {
			isa = XCBuildConfiguration;
			buildSettings = {
				ALWAYS_SEARCH_USER_PATHS = NO;
				CLANG_ANALYZER_NONNULL = YES;
				CLANG_ANALYZER_NUMBER_OBJECT_CONVERSION = YES_AGGRESSIVE;
				CLANG_CXX_LANGUAGE_STANDARD = "gnu++14";
				CLANG_CXX_LIBRARY = "libc++";
				CLANG_ENABLE_MODULES = YES;
				CLANG_ENABLE_OBJC_ARC = YES;
				CLANG_WARN_BLOCK_CAPTURE_AUTORELEASING = YES;
				CLANG_WARN_BOOL_CONVERSION = YES;
				CLANG_WARN_COMMA = YES;
				CLANG_WARN_CONSTANT_CONVERSION = YES;
				CLANG_WARN_DIRECT_OBJC_ISA_USAGE = YES_ERROR;
				CLANG_WARN_DOCUMENTATION_COMMENTS = YES;
				CLANG_WARN_EMPTY_BODY = YES;
				CLANG_WARN_ENUM_CONVERSION = YES;
				CLANG_WARN_INFINITE_RECURSION = YES;
				CLANG_WARN_INT_CONVERSION = YES;
				CLANG_WARN_NON_LITERAL_NULL_CONVERSION = YES;
				CLANG_WARN_OBJC_LITERAL_CONVERSION = YES;
				CLANG_WARN_OBJC_ROOT_CLASS = YES_ERROR;
				CLANG_WARN_RANGE_LOOP_ANALYSIS = YES;
				CLANG_WARN_STRICT_PROTOTYPES = YES;
				CLANG_WARN_SUSPICIOUS_MOVE = YES;
				CLANG_WARN_UNGUARDED_AVAILABILITY = YES_AGGRESSIVE;
				CLANG_WARN_UNREACHABLE_CODE = YES;
				CLANG_WARN__DUPLICATE_METHOD_MATCH = YES;
				CODE_SIGN_IDENTITY = "iPhone Developer";
				COPY_PHASE_STRIP = NO;
				DEBUG_INFORMATION_FORMAT = "dwarf-with-dsym";
				ENABLE_NS_ASSERTIONS = NO;
				ENABLE_STRICT_OBJC_MSGSEND = YES;
				GCC_C_LANGUAGE_STANDARD = gnu11;
				GCC_NO_COMMON_BLOCKS = YES;
				GCC_WARN_64_TO_32_BIT_CONVERSION = YES;
				GCC_WARN_ABOUT_RETURN_TYPE = YES_ERROR;
				GCC_WARN_UNDECLARED_SELECTOR = YES;
				GCC_WARN_UNINITIALIZED_AUTOS = YES_AGGRESSIVE;
				GCC_WARN_UNUSED_FUNCTION = YES;
				GCC_WARN_UNUSED_VARIABLE = YES;
				IPHONEOS_DEPLOYMENT_TARGET = 11.1;
				MTL_ENABLE_DEBUG_INFO = NO;
				SDKROOT = iphoneos;
				SWIFT_OPTIMIZATION_LEVEL = "-Owholemodule";
				VALIDATE_PRODUCT = YES;
			};
			name = Release;
		};
		18C16A2921AD2F3A00C135A2 /* Debug */ = {
			isa = XCBuildConfiguration;
			buildSettings = {
				ASSETCATALOG_COMPILER_APPICON_NAME = AppIcon;
				CODE_SIGN_STYLE = Automatic;
				INFOPLIST_FILE = "KaoYan-ners/Info.plist";
				LD_RUNPATH_SEARCH_PATHS = "$(inherited) @executable_path/Frameworks";
				PRODUCT_BUNDLE_IDENTIFIER = "cn.nju.sinestro.KaoYan-ners";
				PRODUCT_NAME = "$(TARGET_NAME)";
				SWIFT_VERSION = 4.0;
				TARGETED_DEVICE_FAMILY = "1,2";
			};
			name = Debug;
		};
		18C16A2A21AD2F3A00C135A2 /* Release */ = {
			isa = XCBuildConfiguration;
			buildSettings = {
				ASSETCATALOG_COMPILER_APPICON_NAME = AppIcon;
				CODE_SIGN_STYLE = Automatic;
				INFOPLIST_FILE = "KaoYan-ners/Info.plist";
				LD_RUNPATH_SEARCH_PATHS = "$(inherited) @executable_path/Frameworks";
				PRODUCT_BUNDLE_IDENTIFIER = "cn.nju.sinestro.KaoYan-ners";
				PRODUCT_NAME = "$(TARGET_NAME)";
				SWIFT_VERSION = 4.0;
				TARGETED_DEVICE_FAMILY = "1,2";
			};
			name = Release;
		};
/* End XCBuildConfiguration section */

/* Begin XCConfigurationList section */
		18C16A1121AD2F3A00C135A2 /* Build configuration list for PBXProject "KaoYan-ners" */ = {
			isa = XCConfigurationList;
			buildConfigurations = (
				18C16A2621AD2F3A00C135A2 /* Debug */,
				18C16A2721AD2F3A00C135A2 /* Release */,
			);
			defaultConfigurationIsVisible = 0;
			defaultConfigurationName = Release;
		};
		18C16A2821AD2F3A00C135A2 /* Build configuration list for PBXNativeTarget "KaoYan-ners" */ = {
			isa = XCConfigurationList;
			buildConfigurations = (
				18C16A2921AD2F3A00C135A2 /* Debug */,
				18C16A2A21AD2F3A00C135A2 /* Release */,
			);
			defaultConfigurationIsVisible = 0;
			defaultConfigurationName = Release;
		};
/* End XCConfigurationList section */
	};
	rootObject = 18C16A0E21AD2F3A00C135A2 /* Project object */;
}
