// !$*UTF8*$!
{
	archiveVersion = 1;
	classes = {
	};
	objectVersion = 50;
	objects = {

/* Begin PBXBuildFile section */
		0474E76921B1243200CFDA60 /* AppDelegate.swift in Sources */ = {isa = PBXBuildFile; fileRef = 0474E76821B1243200CFDA60 /* AppDelegate.swift */; };
		0474E76B21B1243200CFDA60 /* ViewController.swift in Sources */ = {isa = PBXBuildFile; fileRef = 0474E76A21B1243200CFDA60 /* ViewController.swift */; };
		0474E76E21B1243200CFDA60 /* Main.storyboard in Resources */ = {isa = PBXBuildFile; fileRef = 0474E76C21B1243200CFDA60 /* Main.storyboard */; };
		0474E77021B1243300CFDA60 /* Assets.xcassets in Resources */ = {isa = PBXBuildFile; fileRef = 0474E76F21B1243300CFDA60 /* Assets.xcassets */; };
		0474E77321B1243300CFDA60 /* LaunchScreen.storyboard in Resources */ = {isa = PBXBuildFile; fileRef = 0474E77121B1243300CFDA60 /* LaunchScreen.storyboard */; };
		0474E77E21B1243300CFDA60 /* Kaoyan_nersTests.swift in Sources */ = {isa = PBXBuildFile; fileRef = 0474E77D21B1243300CFDA60 /* Kaoyan_nersTests.swift */; };
		0474E78921B1243300CFDA60 /* Kaoyan_nersUITests.swift in Sources */ = {isa = PBXBuildFile; fileRef = 0474E78821B1243300CFDA60 /* Kaoyan_nersUITests.swift */; };
/* End PBXBuildFile section */

/* Begin PBXContainerItemProxy section */
		0474E77A21B1243300CFDA60 /* PBXContainerItemProxy */ = {
			isa = PBXContainerItemProxy;
			containerPortal = 0474E75D21B1243200CFDA60 /* Project object */;
			proxyType = 1;
			remoteGlobalIDString = 0474E76421B1243200CFDA60;
			remoteInfo = "Kaoyan-ners";
		};
		0474E78521B1243300CFDA60 /* PBXContainerItemProxy */ = {
			isa = PBXContainerItemProxy;
			containerPortal = 0474E75D21B1243200CFDA60 /* Project object */;
			proxyType = 1;
			remoteGlobalIDString = 0474E76421B1243200CFDA60;
			remoteInfo = "Kaoyan-ners";
		};
/* End PBXContainerItemProxy section */

/* Begin PBXFileReference section */
		0474E76521B1243200CFDA60 /* Kaoyan-ners.app */ = {isa = PBXFileReference; explicitFileType = wrapper.application; includeInIndex = 0; path = "Kaoyan-ners.app"; sourceTree = BUILT_PRODUCTS_DIR; };
		0474E76821B1243200CFDA60 /* AppDelegate.swift */ = {isa = PBXFileReference; lastKnownFileType = sourcecode.swift; path = AppDelegate.swift; sourceTree = "<group>"; };
		0474E76A21B1243200CFDA60 /* ViewController.swift */ = {isa = PBXFileReference; lastKnownFileType = sourcecode.swift; path = ViewController.swift; sourceTree = "<group>"; };
		0474E76D21B1243200CFDA60 /* Base */ = {isa = PBXFileReference; lastKnownFileType = file.storyboard; name = Base; path = Base.lproj/Main.storyboard; sourceTree = "<group>"; };
		0474E76F21B1243300CFDA60 /* Assets.xcassets */ = {isa = PBXFileReference; lastKnownFileType = folder.assetcatalog; path = Assets.xcassets; sourceTree = "<group>"; };
		0474E77221B1243300CFDA60 /* Base */ = {isa = PBXFileReference; lastKnownFileType = file.storyboard; name = Base; path = Base.lproj/LaunchScreen.storyboard; sourceTree = "<group>"; };
		0474E77421B1243300CFDA60 /* Info.plist */ = {isa = PBXFileReference; lastKnownFileType = text.plist.xml; path = Info.plist; sourceTree = "<group>"; };
		0474E77921B1243300CFDA60 /* Kaoyan-nersTests.xctest */ = {isa = PBXFileReference; explicitFileType = wrapper.cfbundle; includeInIndex = 0; path = "Kaoyan-nersTests.xctest"; sourceTree = BUILT_PRODUCTS_DIR; };
		0474E77D21B1243300CFDA60 /* Kaoyan_nersTests.swift */ = {isa = PBXFileReference; lastKnownFileType = sourcecode.swift; path = Kaoyan_nersTests.swift; sourceTree = "<group>"; };
		0474E77F21B1243300CFDA60 /* Info.plist */ = {isa = PBXFileReference; lastKnownFileType = text.plist.xml; path = Info.plist; sourceTree = "<group>"; };
		0474E78421B1243300CFDA60 /* Kaoyan-nersUITests.xctest */ = {isa = PBXFileReference; explicitFileType = wrapper.cfbundle; includeInIndex = 0; path = "Kaoyan-nersUITests.xctest"; sourceTree = BUILT_PRODUCTS_DIR; };
		0474E78821B1243300CFDA60 /* Kaoyan_nersUITests.swift */ = {isa = PBXFileReference; lastKnownFileType = sourcecode.swift; path = Kaoyan_nersUITests.swift; sourceTree = "<group>"; };
		0474E78A21B1243300CFDA60 /* Info.plist */ = {isa = PBXFileReference; lastKnownFileType = text.plist.xml; path = Info.plist; sourceTree = "<group>"; };
/* End PBXFileReference section */

/* Begin PBXFrameworksBuildPhase section */
		0474E76221B1243200CFDA60 /* Frameworks */ = {
			isa = PBXFrameworksBuildPhase;
			buildActionMask = 2147483647;
			files = (
			);
			runOnlyForDeploymentPostprocessing = 0;
		};
		0474E77621B1243300CFDA60 /* Frameworks */ = {
			isa = PBXFrameworksBuildPhase;
			buildActionMask = 2147483647;
			files = (
			);
			runOnlyForDeploymentPostprocessing = 0;
		};
		0474E78121B1243300CFDA60 /* Frameworks */ = {
			isa = PBXFrameworksBuildPhase;
			buildActionMask = 2147483647;
			files = (
			);
			runOnlyForDeploymentPostprocessing = 0;
		};
/* End PBXFrameworksBuildPhase section */

/* Begin PBXGroup section */
		0474E75C21B1243200CFDA60 = {
			isa = PBXGroup;
			children = (
				0474E76721B1243200CFDA60 /* Kaoyan-ners */,
				0474E77C21B1243300CFDA60 /* Kaoyan-nersTests */,
				0474E78721B1243300CFDA60 /* Kaoyan-nersUITests */,
				0474E76621B1243200CFDA60 /* Products */,
			);
			sourceTree = "<group>";
		};
		0474E76621B1243200CFDA60 /* Products */ = {
			isa = PBXGroup;
			children = (
				0474E76521B1243200CFDA60 /* Kaoyan-ners.app */,
				0474E77921B1243300CFDA60 /* Kaoyan-nersTests.xctest */,
				0474E78421B1243300CFDA60 /* Kaoyan-nersUITests.xctest */,
			);
			name = Products;
			sourceTree = "<group>";
		};
		0474E76721B1243200CFDA60 /* Kaoyan-ners */ = {
			isa = PBXGroup;
			children = (
				0474E76821B1243200CFDA60 /* AppDelegate.swift */,
				0474E76A21B1243200CFDA60 /* ViewController.swift */,
				0474E76C21B1243200CFDA60 /* Main.storyboard */,
				0474E76F21B1243300CFDA60 /* Assets.xcassets */,
				0474E77121B1243300CFDA60 /* LaunchScreen.storyboard */,
				0474E77421B1243300CFDA60 /* Info.plist */,
			);
			path = "Kaoyan-ners";
			sourceTree = "<group>";
		};
		0474E77C21B1243300CFDA60 /* Kaoyan-nersTests */ = {
			isa = PBXGroup;
			children = (
				0474E77D21B1243300CFDA60 /* Kaoyan_nersTests.swift */,
				0474E77F21B1243300CFDA60 /* Info.plist */,
			);
			path = "Kaoyan-nersTests";
			sourceTree = "<group>";
		};
		0474E78721B1243300CFDA60 /* Kaoyan-nersUITests */ = {
			isa = PBXGroup;
			children = (
				0474E78821B1243300CFDA60 /* Kaoyan_nersUITests.swift */,
				0474E78A21B1243300CFDA60 /* Info.plist */,
			);
			path = "Kaoyan-nersUITests";
			sourceTree = "<group>";
		};
/* End PBXGroup section */

/* Begin PBXNativeTarget section */
		0474E76421B1243200CFDA60 /* Kaoyan-ners */ = {
			isa = PBXNativeTarget;
			buildConfigurationList = 0474E78D21B1243300CFDA60 /* Build configuration list for PBXNativeTarget "Kaoyan-ners" */;
			buildPhases = (
				0474E76121B1243200CFDA60 /* Sources */,
				0474E76221B1243200CFDA60 /* Frameworks */,
				0474E76321B1243200CFDA60 /* Resources */,
			);
			buildRules = (
			);
			dependencies = (
			);
			name = "Kaoyan-ners";
			productName = "Kaoyan-ners";
			productReference = 0474E76521B1243200CFDA60 /* Kaoyan-ners.app */;
			productType = "com.apple.product-type.application";
		};
		0474E77821B1243300CFDA60 /* Kaoyan-nersTests */ = {
			isa = PBXNativeTarget;
			buildConfigurationList = 0474E79021B1243300CFDA60 /* Build configuration list for PBXNativeTarget "Kaoyan-nersTests" */;
			buildPhases = (
				0474E77521B1243300CFDA60 /* Sources */,
				0474E77621B1243300CFDA60 /* Frameworks */,
				0474E77721B1243300CFDA60 /* Resources */,
			);
			buildRules = (
			);
			dependencies = (
				0474E77B21B1243300CFDA60 /* PBXTargetDependency */,
			);
			name = "Kaoyan-nersTests";
			productName = "Kaoyan-nersTests";
			productReference = 0474E77921B1243300CFDA60 /* Kaoyan-nersTests.xctest */;
			productType = "com.apple.product-type.bundle.unit-test";
		};
		0474E78321B1243300CFDA60 /* Kaoyan-nersUITests */ = {
			isa = PBXNativeTarget;
			buildConfigurationList = 0474E79321B1243300CFDA60 /* Build configuration list for PBXNativeTarget "Kaoyan-nersUITests" */;
			buildPhases = (
				0474E78021B1243300CFDA60 /* Sources */,
				0474E78121B1243300CFDA60 /* Frameworks */,
				0474E78221B1243300CFDA60 /* Resources */,
			);
			buildRules = (
			);
			dependencies = (
				0474E78621B1243300CFDA60 /* PBXTargetDependency */,
			);
			name = "Kaoyan-nersUITests";
			productName = "Kaoyan-nersUITests";
			productReference = 0474E78421B1243300CFDA60 /* Kaoyan-nersUITests.xctest */;
			productType = "com.apple.product-type.bundle.ui-testing";
		};
/* End PBXNativeTarget section */

/* Begin PBXProject section */
		0474E75D21B1243200CFDA60 /* Project object */ = {
			isa = PBXProject;
			attributes = {
				LastSwiftUpdateCheck = 1010;
				LastUpgradeCheck = 1010;
				ORGANIZATIONNAME = cn.nju;
				TargetAttributes = {
					0474E76421B1243200CFDA60 = {
						CreatedOnToolsVersion = 10.1;
					};
					0474E77821B1243300CFDA60 = {
						CreatedOnToolsVersion = 10.1;
						TestTargetID = 0474E76421B1243200CFDA60;
					};
					0474E78321B1243300CFDA60 = {
						CreatedOnToolsVersion = 10.1;
						TestTargetID = 0474E76421B1243200CFDA60;
					};
				};
			};
			buildConfigurationList = 0474E76021B1243200CFDA60 /* Build configuration list for PBXProject "Kaoyan-ners" */;
			compatibilityVersion = "Xcode 9.3";
			developmentRegion = en;
			hasScannedForEncodings = 0;
			knownRegions = (
				en,
				Base,
			);
			mainGroup = 0474E75C21B1243200CFDA60;
			productRefGroup = 0474E76621B1243200CFDA60 /* Products */;
			projectDirPath = "";
			projectRoot = "";
			targets = (
				0474E76421B1243200CFDA60 /* Kaoyan-ners */,
				0474E77821B1243300CFDA60 /* Kaoyan-nersTests */,
				0474E78321B1243300CFDA60 /* Kaoyan-nersUITests */,
			);
		};
/* End PBXProject section */

/* Begin PBXResourcesBuildPhase section */
		0474E76321B1243200CFDA60 /* Resources */ = {
			isa = PBXResourcesBuildPhase;
			buildActionMask = 2147483647;
			files = (
				0474E77321B1243300CFDA60 /* LaunchScreen.storyboard in Resources */,
				0474E77021B1243300CFDA60 /* Assets.xcassets in Resources */,
				0474E76E21B1243200CFDA60 /* Main.storyboard in Resources */,
			);
			runOnlyForDeploymentPostprocessing = 0;
		};
		0474E77721B1243300CFDA60 /* Resources */ = {
			isa = PBXResourcesBuildPhase;
			buildActionMask = 2147483647;
			files = (
			);
			runOnlyForDeploymentPostprocessing = 0;
		};
		0474E78221B1243300CFDA60 /* Resources */ = {
			isa = PBXResourcesBuildPhase;
			buildActionMask = 2147483647;
			files = (
			);
			runOnlyForDeploymentPostprocessing = 0;
		};
/* End PBXResourcesBuildPhase section */

/* Begin PBXSourcesBuildPhase section */
		0474E76121B1243200CFDA60 /* Sources */ = {
			isa = PBXSourcesBuildPhase;
			buildActionMask = 2147483647;
			files = (
				0474E76B21B1243200CFDA60 /* ViewController.swift in Sources */,
				0474E76921B1243200CFDA60 /* AppDelegate.swift in Sources */,
			);
			runOnlyForDeploymentPostprocessing = 0;
		};
		0474E77521B1243300CFDA60 /* Sources */ = {
			isa = PBXSourcesBuildPhase;
			buildActionMask = 2147483647;
			files = (
				0474E77E21B1243300CFDA60 /* Kaoyan_nersTests.swift in Sources */,
			);
			runOnlyForDeploymentPostprocessing = 0;
		};
		0474E78021B1243300CFDA60 /* Sources */ = {
			isa = PBXSourcesBuildPhase;
			buildActionMask = 2147483647;
			files = (
				0474E78921B1243300CFDA60 /* Kaoyan_nersUITests.swift in Sources */,
			);
			runOnlyForDeploymentPostprocessing = 0;
		};
/* End PBXSourcesBuildPhase section */

/* Begin PBXTargetDependency section */
		0474E77B21B1243300CFDA60 /* PBXTargetDependency */ = {
			isa = PBXTargetDependency;
			target = 0474E76421B1243200CFDA60 /* Kaoyan-ners */;
			targetProxy = 0474E77A21B1243300CFDA60 /* PBXContainerItemProxy */;
		};
		0474E78621B1243300CFDA60 /* PBXTargetDependency */ = {
			isa = PBXTargetDependency;
			target = 0474E76421B1243200CFDA60 /* Kaoyan-ners */;
			targetProxy = 0474E78521B1243300CFDA60 /* PBXContainerItemProxy */;
		};
/* End PBXTargetDependency section */

/* Begin PBXVariantGroup section */
		0474E76C21B1243200CFDA60 /* Main.storyboard */ = {
			isa = PBXVariantGroup;
			children = (
				0474E76D21B1243200CFDA60 /* Base */,
			);
			name = Main.storyboard;
			sourceTree = "<group>";
		};
		0474E77121B1243300CFDA60 /* LaunchScreen.storyboard */ = {
			isa = PBXVariantGroup;
			children = (
				0474E77221B1243300CFDA60 /* Base */,
			);
			name = LaunchScreen.storyboard;
			sourceTree = "<group>";
		};
/* End PBXVariantGroup section */

/* Begin XCBuildConfiguration section */
		0474E78B21B1243300CFDA60 /* Debug */ = {
			isa = XCBuildConfiguration;
			buildSettings = {
				ALWAYS_SEARCH_USER_PATHS = NO;
				CLANG_ANALYZER_NONNULL = YES;
				CLANG_ANALYZER_NUMBER_OBJECT_CONVERSION = YES_AGGRESSIVE;
				CLANG_CXX_LANGUAGE_STANDARD = "gnu++14";
				CLANG_CXX_LIBRARY = "libc++";
				CLANG_ENABLE_MODULES = YES;
				CLANG_ENABLE_OBJC_ARC = YES;
				CLANG_ENABLE_OBJC_WEAK = YES;
				CLANG_WARN_BLOCK_CAPTURE_AUTORELEASING = YES;
				CLANG_WARN_BOOL_CONVERSION = YES;
				CLANG_WARN_COMMA = YES;
				CLANG_WARN_CONSTANT_CONVERSION = YES;
				CLANG_WARN_DEPRECATED_OBJC_IMPLEMENTATIONS = YES;
				CLANG_WARN_DIRECT_OBJC_ISA_USAGE = YES_ERROR;
				CLANG_WARN_DOCUMENTATION_COMMENTS = YES;
				CLANG_WARN_EMPTY_BODY = YES;
				CLANG_WARN_ENUM_CONVERSION = YES;
				CLANG_WARN_INFINITE_RECURSION = YES;
				CLANG_WARN_INT_CONVERSION = YES;
				CLANG_WARN_NON_LITERAL_NULL_CONVERSION = YES;
				CLANG_WARN_OBJC_IMPLICIT_RETAIN_SELF = YES;
				CLANG_WARN_OBJC_LITERAL_CONVERSION = YES;
				CLANG_WARN_OBJC_ROOT_CLASS = YES_ERROR;
				CLANG_WARN_RANGE_LOOP_ANALYSIS = YES;
				CLANG_WARN_STRICT_PROTOTYPES = YES;
				CLANG_WARN_SUSPICIOUS_MOVE = YES;
				CLANG_WARN_UNGUARDED_AVAILABILITY = YES_AGGRESSIVE;
				CLANG_WARN_UNREACHABLE_CODE = YES;
				CLANG_WARN__DUPLICATE_METHOD_MATCH = YES;
				CODE_SIGN_IDENTITY = "iPhone Developer";
				COPY_PHASE_STRIP = NO;
				DEBUG_INFORMATION_FORMAT = dwarf;
				ENABLE_STRICT_OBJC_MSGSEND = YES;
				ENABLE_TESTABILITY = YES;
				GCC_C_LANGUAGE_STANDARD = gnu11;
				GCC_DYNAMIC_NO_PIC = NO;
				GCC_NO_COMMON_BLOCKS = YES;
				GCC_OPTIMIZATION_LEVEL = 0;
				GCC_PREPROCESSOR_DEFINITIONS = (
					"DEBUG=1",
					"$(inherited)",
				);
				GCC_WARN_64_TO_32_BIT_CONVERSION = YES;
				GCC_WARN_ABOUT_RETURN_TYPE = YES_ERROR;
				GCC_WARN_UNDECLARED_SELECTOR = YES;
				GCC_WARN_UNINITIALIZED_AUTOS = YES_AGGRESSIVE;
				GCC_WARN_UNUSED_FUNCTION = YES;
				GCC_WARN_UNUSED_VARIABLE = YES;
				IPHONEOS_DEPLOYMENT_TARGET = 12.1;
				MTL_ENABLE_DEBUG_INFO = INCLUDE_SOURCE;
				MTL_FAST_MATH = YES;
				ONLY_ACTIVE_ARCH = YES;
				SDKROOT = iphoneos;
				SWIFT_ACTIVE_COMPILATION_CONDITIONS = DEBUG;
				SWIFT_OPTIMIZATION_LEVEL = "-Onone";
			};
			name = Debug;
		};
		0474E78C21B1243300CFDA60 /* Release */ = {
			isa = XCBuildConfiguration;
			buildSettings = {
				ALWAYS_SEARCH_USER_PATHS = NO;
				CLANG_ANALYZER_NONNULL = YES;
				CLANG_ANALYZER_NUMBER_OBJECT_CONVERSION = YES_AGGRESSIVE;
				CLANG_CXX_LANGUAGE_STANDARD = "gnu++14";
				CLANG_CXX_LIBRARY = "libc++";
				CLANG_ENABLE_MODULES = YES;
				CLANG_ENABLE_OBJC_ARC = YES;
				CLANG_ENABLE_OBJC_WEAK = YES;
				CLANG_WARN_BLOCK_CAPTURE_AUTORELEASING = YES;
				CLANG_WARN_BOOL_CONVERSION = YES;
				CLANG_WARN_COMMA = YES;
				CLANG_WARN_CONSTANT_CONVERSION = YES;
				CLANG_WARN_DEPRECATED_OBJC_IMPLEMENTATIONS = YES;
				CLANG_WARN_DIRECT_OBJC_ISA_USAGE = YES_ERROR;
				CLANG_WARN_DOCUMENTATION_COMMENTS = YES;
				CLANG_WARN_EMPTY_BODY = YES;
				CLANG_WARN_ENUM_CONVERSION = YES;
				CLANG_WARN_INFINITE_RECURSION = YES;
				CLANG_WARN_INT_CONVERSION = YES;
				CLANG_WARN_NON_LITERAL_NULL_CONVERSION = YES;
				CLANG_WARN_OBJC_IMPLICIT_RETAIN_SELF = YES;
				CLANG_WARN_OBJC_LITERAL_CONVERSION = YES;
				CLANG_WARN_OBJC_ROOT_CLASS = YES_ERROR;
				CLANG_WARN_RANGE_LOOP_ANALYSIS = YES;
				CLANG_WARN_STRICT_PROTOTYPES = YES;
				CLANG_WARN_SUSPICIOUS_MOVE = YES;
				CLANG_WARN_UNGUARDED_AVAILABILITY = YES_AGGRESSIVE;
				CLANG_WARN_UNREACHABLE_CODE = YES;
				CLANG_WARN__DUPLICATE_METHOD_MATCH = YES;
				CODE_SIGN_IDENTITY = "iPhone Developer";
				COPY_PHASE_STRIP = NO;
				DEBUG_INFORMATION_FORMAT = "dwarf-with-dsym";
				ENABLE_NS_ASSERTIONS = NO;
				ENABLE_STRICT_OBJC_MSGSEND = YES;
				GCC_C_LANGUAGE_STANDARD = gnu11;
				GCC_NO_COMMON_BLOCKS = YES;
				GCC_WARN_64_TO_32_BIT_CONVERSION = YES;
				GCC_WARN_ABOUT_RETURN_TYPE = YES_ERROR;
				GCC_WARN_UNDECLARED_SELECTOR = YES;
				GCC_WARN_UNINITIALIZED_AUTOS = YES_AGGRESSIVE;
				GCC_WARN_UNUSED_FUNCTION = YES;
				GCC_WARN_UNUSED_VARIABLE = YES;
				IPHONEOS_DEPLOYMENT_TARGET = 12.1;
				MTL_ENABLE_DEBUG_INFO = NO;
				MTL_FAST_MATH = YES;
				SDKROOT = iphoneos;
				SWIFT_COMPILATION_MODE = wholemodule;
				SWIFT_OPTIMIZATION_LEVEL = "-O";
				VALIDATE_PRODUCT = YES;
			};
			name = Release;
		};
		0474E78E21B1243300CFDA60 /* Debug */ = {
			isa = XCBuildConfiguration;
			buildSettings = {
				ASSETCATALOG_COMPILER_APPICON_NAME = AppIcon;
				CODE_SIGN_STYLE = Automatic;
				INFOPLIST_FILE = "Kaoyan-ners/Info.plist";
				LD_RUNPATH_SEARCH_PATHS = (
					"$(inherited)",
					"@executable_path/Frameworks",
				);
				PRODUCT_BUNDLE_IDENTIFIER = "cn.nju.sinestro.Kaoyan-ners";
				PRODUCT_NAME = "$(TARGET_NAME)";
				SWIFT_VERSION = 4.2;
				TARGETED_DEVICE_FAMILY = "1,2";
			};
			name = Debug;
		};
		0474E78F21B1243300CFDA60 /* Release */ = {
			isa = XCBuildConfiguration;
			buildSettings = {
				ASSETCATALOG_COMPILER_APPICON_NAME = AppIcon;
				CODE_SIGN_STYLE = Automatic;
				INFOPLIST_FILE = "Kaoyan-ners/Info.plist";
				LD_RUNPATH_SEARCH_PATHS = (
					"$(inherited)",
					"@executable_path/Frameworks",
				);
				PRODUCT_BUNDLE_IDENTIFIER = "cn.nju.sinestro.Kaoyan-ners";
				PRODUCT_NAME = "$(TARGET_NAME)";
				SWIFT_VERSION = 4.2;
				TARGETED_DEVICE_FAMILY = "1,2";
			};
			name = Release;
		};
		0474E79121B1243300CFDA60 /* Debug */ = {
			isa = XCBuildConfiguration;
			buildSettings = {
				ALWAYS_EMBED_SWIFT_STANDARD_LIBRARIES = YES;
				BUNDLE_LOADER = "$(TEST_HOST)";
				CODE_SIGN_STYLE = Automatic;
				INFOPLIST_FILE = "Kaoyan-nersTests/Info.plist";
				LD_RUNPATH_SEARCH_PATHS = (
					"$(inherited)",
					"@executable_path/Frameworks",
					"@loader_path/Frameworks",
				);
				PRODUCT_BUNDLE_IDENTIFIER = "cn.nju.sinestro.Kaoyan-nersTests";
				PRODUCT_NAME = "$(TARGET_NAME)";
				SWIFT_VERSION = 4.2;
				TARGETED_DEVICE_FAMILY = "1,2";
				TEST_HOST = "$(BUILT_PRODUCTS_DIR)/Kaoyan-ners.app/Kaoyan-ners";
			};
			name = Debug;
		};
		0474E79221B1243300CFDA60 /* Release */ = {
			isa = XCBuildConfiguration;
			buildSettings = {
				ALWAYS_EMBED_SWIFT_STANDARD_LIBRARIES = YES;
				BUNDLE_LOADER = "$(TEST_HOST)";
				CODE_SIGN_STYLE = Automatic;
				INFOPLIST_FILE = "Kaoyan-nersTests/Info.plist";
				LD_RUNPATH_SEARCH_PATHS = (
					"$(inherited)",
					"@executable_path/Frameworks",
					"@loader_path/Frameworks",
				);
				PRODUCT_BUNDLE_IDENTIFIER = "cn.nju.sinestro.Kaoyan-nersTests";
				PRODUCT_NAME = "$(TARGET_NAME)";
				SWIFT_VERSION = 4.2;
				TARGETED_DEVICE_FAMILY = "1,2";
				TEST_HOST = "$(BUILT_PRODUCTS_DIR)/Kaoyan-ners.app/Kaoyan-ners";
			};
			name = Release;
		};
		0474E79421B1243300CFDA60 /* Debug */ = {
			isa = XCBuildConfiguration;
			buildSettings = {
				ALWAYS_EMBED_SWIFT_STANDARD_LIBRARIES = YES;
				CODE_SIGN_STYLE = Automatic;
				INFOPLIST_FILE = "Kaoyan-nersUITests/Info.plist";
				LD_RUNPATH_SEARCH_PATHS = (
					"$(inherited)",
					"@executable_path/Frameworks",
					"@loader_path/Frameworks",
				);
				PRODUCT_BUNDLE_IDENTIFIER = "cn.nju.sinestro.Kaoyan-nersUITests";
				PRODUCT_NAME = "$(TARGET_NAME)";
				SWIFT_VERSION = 4.2;
				TARGETED_DEVICE_FAMILY = "1,2";
				TEST_TARGET_NAME = "Kaoyan-ners";
			};
			name = Debug;
		};
		0474E79521B1243300CFDA60 /* Release */ = {
			isa = XCBuildConfiguration;
			buildSettings = {
				ALWAYS_EMBED_SWIFT_STANDARD_LIBRARIES = YES;
				CODE_SIGN_STYLE = Automatic;
				INFOPLIST_FILE = "Kaoyan-nersUITests/Info.plist";
				LD_RUNPATH_SEARCH_PATHS = (
					"$(inherited)",
					"@executable_path/Frameworks",
					"@loader_path/Frameworks",
				);
				PRODUCT_BUNDLE_IDENTIFIER = "cn.nju.sinestro.Kaoyan-nersUITests";
				PRODUCT_NAME = "$(TARGET_NAME)";
				SWIFT_VERSION = 4.2;
				TARGETED_DEVICE_FAMILY = "1,2";
				TEST_TARGET_NAME = "Kaoyan-ners";
			};
			name = Release;
		};
/* End XCBuildConfiguration section */

/* Begin XCConfigurationList section */
		0474E76021B1243200CFDA60 /* Build configuration list for PBXProject "Kaoyan-ners" */ = {
			isa = XCConfigurationList;
			buildConfigurations = (
				0474E78B21B1243300CFDA60 /* Debug */,
				0474E78C21B1243300CFDA60 /* Release */,
			);
			defaultConfigurationIsVisible = 0;
			defaultConfigurationName = Release;
		};
		0474E78D21B1243300CFDA60 /* Build configuration list for PBXNativeTarget "Kaoyan-ners" */ = {
			isa = XCConfigurationList;
			buildConfigurations = (
				0474E78E21B1243300CFDA60 /* Debug */,
				0474E78F21B1243300CFDA60 /* Release */,
			);
			defaultConfigurationIsVisible = 0;
			defaultConfigurationName = Release;
		};
		0474E79021B1243300CFDA60 /* Build configuration list for PBXNativeTarget "Kaoyan-nersTests" */ = {
			isa = XCConfigurationList;
			buildConfigurations = (
				0474E79121B1243300CFDA60 /* Debug */,
				0474E79221B1243300CFDA60 /* Release */,
			);
			defaultConfigurationIsVisible = 0;
			defaultConfigurationName = Release;
		};
		0474E79321B1243300CFDA60 /* Build configuration list for PBXNativeTarget "Kaoyan-nersUITests" */ = {
			isa = XCConfigurationList;
			buildConfigurations = (
				0474E79421B1243300CFDA60 /* Debug */,
				0474E79521B1243300CFDA60 /* Release */,
			);
			defaultConfigurationIsVisible = 0;
			defaultConfigurationName = Release;
		};
/* End XCConfigurationList section */
	};
	rootObject = 0474E75D21B1243200CFDA60 /* Project object */;
}
