// !$*UTF8*$!
{
	archiveVersion = 1;
	classes = {
	};
	objectVersion = 50;
	objects = {

/* Begin PBXBuildFile section */
		1607538921E1D0F800848F4F /* MyProfileViewController.swift in Sources */ = {isa = PBXBuildFile; fileRef = 1607538821E1D0F800848F4F /* MyProfileViewController.swift */; };
		1607538B21E1D19F00848F4F /* SettingsViewController.swift in Sources */ = {isa = PBXBuildFile; fileRef = 1607538A21E1D19F00848F4F /* SettingsViewController.swift */; };
		160D6E3421E2FBCA00111908 /* ModifyCodeViewController.swift in Sources */ = {isa = PBXBuildFile; fileRef = 160D6E3321E2FBCA00111908 /* ModifyCodeViewController.swift */; };
		160D6E3621E345C600111908 /* SelectFileViewController.swift in Sources */ = {isa = PBXBuildFile; fileRef = 160D6E3521E345C600111908 /* SelectFileViewController.swift */; };
		160D6E3821E378B600111908 /* DataPersistenceService.swift in Sources */ = {isa = PBXBuildFile; fileRef = 160D6E3721E378B600111908 /* DataPersistenceService.swift */; };
		160D6E3A21E3795900111908 /* NetworkInteract2Backend.swift in Sources */ = {isa = PBXBuildFile; fileRef = 160D6E3921E3795900111908 /* NetworkInteract2Backend.swift */; };
		160EECD221E218880006006C /* FavCircleSearchViewController.swift in Sources */ = {isa = PBXBuildFile; fileRef = 160EECD121E218880006006C /* FavCircleSearchViewController.swift */; };
		160EECD421E218B50006006C /* OtherCircleSearchViewController.swift in Sources */ = {isa = PBXBuildFile; fileRef = 160EECD321E218B50006006C /* OtherCircleSearchViewController.swift */; };
		160EECD721E222170006006C /* LoginRegisterViewController.swift in Sources */ = {isa = PBXBuildFile; fileRef = 160EECD621E222170006006C /* LoginRegisterViewController.swift */; };
		160EECD921E222E30006006C /* RegisterViewController.swift in Sources */ = {isa = PBXBuildFile; fileRef = 160EECD821E222E30006006C /* RegisterViewController.swift */; };
		160EECDB21E222F30006006C /* LoginViewController.swift in Sources */ = {isa = PBXBuildFile; fileRef = 160EECDA21E222F30006006C /* LoginViewController.swift */; };
		160EECDE21E22A2E0006006C /* Kaoyaners.xcdatamodeld in Sources */ = {isa = PBXBuildFile; fileRef = 160EECDC21E22A2E0006006C /* Kaoyaners.xcdatamodeld */; };
		160EECE021E233E60006006C /* AppAuthorizationSettings.swift in Sources */ = {isa = PBXBuildFile; fileRef = 160EECDF21E233E60006006C /* AppAuthorizationSettings.swift */; };
		1617247321E091D20077984C /* MessageViewController.swift in Sources */ = {isa = PBXBuildFile; fileRef = 1617247221E091D20077984C /* MessageViewController.swift */; };
		1617247521E091E30077984C /* NoticeViewController.swift in Sources */ = {isa = PBXBuildFile; fileRef = 1617247421E091E30077984C /* NoticeViewController.swift */; };
		1617247721E092110077984C /* ChatViewController.swift in Sources */ = {isa = PBXBuildFile; fileRef = 1617247621E092110077984C /* ChatViewController.swift */; };
		1617E1F621E4519400DB38B7 /* DocumentViewController.swift in Sources */ = {isa = PBXBuildFile; fileRef = 1617E1F521E4519400DB38B7 /* DocumentViewController.swift */; };
		1617E1FA21E451B100DB38B7 /* PictureViewController.swift in Sources */ = {isa = PBXBuildFile; fileRef = 1617E1F921E451B100DB38B7 /* PictureViewController.swift */; };
		1617E1FC21E451BF00DB38B7 /* MusicViewController.swift in Sources */ = {isa = PBXBuildFile; fileRef = 1617E1FB21E451BF00DB38B7 /* MusicViewController.swift */; };
		1617E1FE21E451DB00DB38B7 /* OthersViewController.swift in Sources */ = {isa = PBXBuildFile; fileRef = 1617E1FD21E451DB00DB38B7 /* OthersViewController.swift */; };
		1617E20121E4577000DB38B7 /* ImageCollectionViewController.swift in Sources */ = {isa = PBXBuildFile; fileRef = 1617E20021E4577000DB38B7 /* ImageCollectionViewController.swift */; };
		1617E20521E45A3900DB38B7 /* ImageCompleteButton.swift in Sources */ = {isa = PBXBuildFile; fileRef = 1617E20421E45A3900DB38B7 /* ImageCompleteButton.swift */; };
		1617E20721E4670200DB38B7 /* ImageCollectionViewCell.swift in Sources */ = {isa = PBXBuildFile; fileRef = 1617E20621E4670200DB38B7 /* ImageCollectionViewCell.swift */; };
		1617E20A21E46A0F00DB38B7 /* ImagePickerCell.swift in Sources */ = {isa = PBXBuildFile; fileRef = 1617E20921E46A0F00DB38B7 /* ImagePickerCell.swift */; };
		1617E20C21E4A2AB00DB38B7 /* DocumentPickerCell.swift in Sources */ = {isa = PBXBuildFile; fileRef = 1617E20B21E4A2AB00DB38B7 /* DocumentPickerCell.swift */; };
		1617E20E21E4CD3F00DB38B7 /* OthersPickerCell.swift in Sources */ = {isa = PBXBuildFile; fileRef = 1617E20D21E4CD3F00DB38B7 /* OthersPickerCell.swift */; };
		16560E2521DB539F00355BDA /* InitialViewController.swift in Sources */ = {isa = PBXBuildFile; fileRef = 16560E2421DB539F00355BDA /* InitialViewController.swift */; };
		16560E4221DB60C900355BDA /* ResourceCell.swift in Sources */ = {isa = PBXBuildFile; fileRef = 16560E4021DB60C900355BDA /* ResourceCell.swift */; };
		16560E4321DB60C900355BDA /* ResourceCell.xib in Resources */ = {isa = PBXBuildFile; fileRef = 16560E4121DB60C900355BDA /* ResourceCell.xib */; };
		16560E4E21DB610000355BDA /* BlacklistCell.swift in Sources */ = {isa = PBXBuildFile; fileRef = 16560E4C21DB610000355BDA /* BlacklistCell.swift */; };
		16560E4F21DB610000355BDA /* BlacklistCell.xib in Resources */ = {isa = PBXBuildFile; fileRef = 16560E4D21DB610000355BDA /* BlacklistCell.xib */; };
		16560E5421DB72C000355BDA /* CircleContentCell.swift in Sources */ = {isa = PBXBuildFile; fileRef = 16560E5221DB72C000355BDA /* CircleContentCell.swift */; };
		16560E5521DB72C000355BDA /* CircleContentCell.xib in Resources */ = {isa = PBXBuildFile; fileRef = 16560E5321DB72C000355BDA /* CircleContentCell.xib */; };
		16560E5721DB851300355BDA /* ResourceViewController.swift in Sources */ = {isa = PBXBuildFile; fileRef = 16560E5621DB851300355BDA /* ResourceViewController.swift */; };
		16560E5921DB897B00355BDA /* MathContentViewController.swift in Sources */ = {isa = PBXBuildFile; fileRef = 16560E5821DB897B00355BDA /* MathContentViewController.swift */; };
		16560E5B21DB8A2C00355BDA /* EnglishContentViewController.swift in Sources */ = {isa = PBXBuildFile; fileRef = 16560E5A21DB8A2C00355BDA /* EnglishContentViewController.swift */; };
		16560E5D21DB8A5B00355BDA /* PoliticContentViewController.swift in Sources */ = {isa = PBXBuildFile; fileRef = 16560E5C21DB8A5B00355BDA /* PoliticContentViewController.swift */; };
		16560E5F21DB8A7600355BDA /* MajorContentViewController.swift in Sources */ = {isa = PBXBuildFile; fileRef = 16560E5E21DB8A7600355BDA /* MajorContentViewController.swift */; };
		1687A95821E1DC9A00741E3A /* SecretFavViewController.swift in Sources */ = {isa = PBXBuildFile; fileRef = 1687A95721E1DC9A00741E3A /* SecretFavViewController.swift */; };
		1687A95A21E1DE5400741E3A /* SkimFavViewController.swift in Sources */ = {isa = PBXBuildFile; fileRef = 1687A95921E1DE5400741E3A /* SkimFavViewController.swift */; };
		1687A95C21E1E06200741E3A /* BlacklistViewController.swift in Sources */ = {isa = PBXBuildFile; fileRef = 1687A95B21E1E06200741E3A /* BlacklistViewController.swift */; };
		1687A95E21E1E2C800741E3A /* LicenseViewController.swift in Sources */ = {isa = PBXBuildFile; fileRef = 1687A95D21E1E2C800741E3A /* LicenseViewController.swift */; };
		1687A96221E1E3BF00741E3A /* FavCircleViewController.swift in Sources */ = {isa = PBXBuildFile; fileRef = 1687A96121E1E3BF00741E3A /* FavCircleViewController.swift */; };
		1687A96421E1E3E400741E3A /* AttentionlistViewController.swift in Sources */ = {isa = PBXBuildFile; fileRef = 1687A96321E1E3E400741E3A /* AttentionlistViewController.swift */; };
		1687A96621E1E40300741E3A /* MyShareViewController.swift in Sources */ = {isa = PBXBuildFile; fileRef = 1687A96521E1E40300741E3A /* MyShareViewController.swift */; };
		1687A96821E1E41400741E3A /* MyCircleViewController.swift in Sources */ = {isa = PBXBuildFile; fileRef = 1687A96721E1E41400741E3A /* MyCircleViewController.swift */; };
		1687A96A21E1E42800741E3A /* MyDownloadViewController.swift in Sources */ = {isa = PBXBuildFile; fileRef = 1687A96921E1E42800741E3A /* MyDownloadViewController.swift */; };
		1687A96D21E1E7BF00741E3A /* ShareViewController.swift in Sources */ = {isa = PBXBuildFile; fileRef = 1687A96C21E1E7BF00741E3A /* ShareViewController.swift */; };
		1687A96F21E1E80300741E3A /* PassageShareViewController.swift in Sources */ = {isa = PBXBuildFile; fileRef = 1687A96E21E1E80300741E3A /* PassageShareViewController.swift */; };
		1687A97121E1E81800741E3A /* SourceShareViewController.swift in Sources */ = {isa = PBXBuildFile; fileRef = 1687A97021E1E81800741E3A /* SourceShareViewController.swift */; };
		1687A97321E1EBC800741E3A /* SelectCategoryViewController.swift in Sources */ = {isa = PBXBuildFile; fileRef = 1687A97221E1EBC800741E3A /* SelectCategoryViewController.swift */; };
		1687A97621E1F2C300741E3A /* SelectionCell.swift in Sources */ = {isa = PBXBuildFile; fileRef = 1687A97421E1F2C300741E3A /* SelectionCell.swift */; };
		1687A97721E1F2C300741E3A /* SelectionCell.xib in Resources */ = {isa = PBXBuildFile; fileRef = 1687A97521E1F2C300741E3A /* SelectionCell.xib */; };
		1687A97A21E1F4DB00741E3A /* ShareSelectionStaticDataModel.swift in Sources */ = {isa = PBXBuildFile; fileRef = 1687A97921E1F4DB00741E3A /* ShareSelectionStaticDataModel.swift */; };
		1687A97C21E1FAAC00741E3A /* CircleChooseViewController.swift in Sources */ = {isa = PBXBuildFile; fileRef = 1687A97B21E1FAAC00741E3A /* CircleChooseViewController.swift */; };
		169946B821E7BE5E007C67E7 /* MusicPickerCell.swift in Sources */ = {isa = PBXBuildFile; fileRef = 169946B721E7BE5E007C67E7 /* MusicPickerCell.swift */; };
		16AAF92F21DDDC0D002A242F /* ResourceDataModel.swift in Sources */ = {isa = PBXBuildFile; fileRef = 16AAF92E21DDDC0D002A242F /* ResourceDataModel.swift */; };
		16AAF93121DDE0AE002A242F /* MathDataStorage.swift in Sources */ = {isa = PBXBuildFile; fileRef = 16AAF93021DDE0AE002A242F /* MathDataStorage.swift */; };
		16AAF93321DDE0C6002A242F /* EnglishDataStorage.swift in Sources */ = {isa = PBXBuildFile; fileRef = 16AAF93221DDE0C6002A242F /* EnglishDataStorage.swift */; };
		16AAF93521DDE0D9002A242F /* PoliticDataStorage.swift in Sources */ = {isa = PBXBuildFile; fileRef = 16AAF93421DDE0D9002A242F /* PoliticDataStorage.swift */; };
		16AAF93721DDE0EB002A242F /* MajorDataStorage.swift in Sources */ = {isa = PBXBuildFile; fileRef = 16AAF93621DDE0EB002A242F /* MajorDataStorage.swift */; };
		16AAF93B21DE2B1D002A242F /* HomeViewController.swift in Sources */ = {isa = PBXBuildFile; fileRef = 16AAF93A21DE2B1D002A242F /* HomeViewController.swift */; };
		16AAF93D21DE2B9E002A242F /* FavouriteViewController.swift in Sources */ = {isa = PBXBuildFile; fileRef = 16AAF93C21DE2B9E002A242F /* FavouriteViewController.swift */; };
		16AAF93F21DE2BAE002A242F /* RecommendViewController.swift in Sources */ = {isa = PBXBuildFile; fileRef = 16AAF93E21DE2BAE002A242F /* RecommendViewController.swift */; };
		16E3A9BD21E7696700FBEBFA /* AppSettings.swift in Sources */ = {isa = PBXBuildFile; fileRef = 16E3A9BC21E7696700FBEBFA /* AppSettings.swift */; };
		16FFF76321CF9BA200C07BB1 /* AppDelegate.swift in Sources */ = {isa = PBXBuildFile; fileRef = 16FFF76221CF9BA200C07BB1 /* AppDelegate.swift */; };
		16FFF76821CF9BA200C07BB1 /* Main.storyboard in Resources */ = {isa = PBXBuildFile; fileRef = 16FFF76621CF9BA200C07BB1 /* Main.storyboard */; };
		16FFF76A21CF9BA400C07BB1 /* Assets.xcassets in Resources */ = {isa = PBXBuildFile; fileRef = 16FFF76921CF9BA400C07BB1 /* Assets.xcassets */; };
		16FFF76D21CF9BA400C07BB1 /* LaunchScreen.storyboard in Resources */ = {isa = PBXBuildFile; fileRef = 16FFF76B21CF9BA400C07BB1 /* LaunchScreen.storyboard */; };
		16FFF77821CF9BA400C07BB1 /* KaoyanersTests.swift in Sources */ = {isa = PBXBuildFile; fileRef = 16FFF77721CF9BA400C07BB1 /* KaoyanersTests.swift */; };
		16FFF78321CF9BA400C07BB1 /* KaoyanersUITests.swift in Sources */ = {isa = PBXBuildFile; fileRef = 16FFF78221CF9BA400C07BB1 /* KaoyanersUITests.swift */; };
		25744C511941C74200AD1782 /* Pods_KaoyanersTests.framework in Frameworks */ = {isa = PBXBuildFile; fileRef = C26B25A440276571BB1CBB51 /* Pods_KaoyanersTests.framework */; };
		2BBED81B4AFD7672828B6F0F /* Pods_KaoyanersUITests.framework in Frameworks */ = {isa = PBXBuildFile; fileRef = 20EC13CA17B2EC6C9A92C240 /* Pods_KaoyanersUITests.framework */; };
		D563EDC5B11AB705FBAA34F9 /* Pods_Kaoyaners.framework in Frameworks */ = {isa = PBXBuildFile; fileRef = 67A49A31C26E70F46D59C286 /* Pods_Kaoyaners.framework */; };
/* End PBXBuildFile section */

/* Begin PBXContainerItemProxy section */
		16FFF77421CF9BA400C07BB1 /* PBXContainerItemProxy */ = {
			isa = PBXContainerItemProxy;
			containerPortal = 16FFF75721CF9BA200C07BB1 /* Project object */;
			proxyType = 1;
			remoteGlobalIDString = 16FFF75E21CF9BA200C07BB1;
			remoteInfo = Kaoyaners;
		};
		16FFF77F21CF9BA400C07BB1 /* PBXContainerItemProxy */ = {
			isa = PBXContainerItemProxy;
			containerPortal = 16FFF75721CF9BA200C07BB1 /* Project object */;
			proxyType = 1;
			remoteGlobalIDString = 16FFF75E21CF9BA200C07BB1;
			remoteInfo = Kaoyaners;
		};
/* End PBXContainerItemProxy section */

/* Begin PBXFileReference section */
		1607538821E1D0F800848F4F /* MyProfileViewController.swift */ = {isa = PBXFileReference; lastKnownFileType = sourcecode.swift; path = MyProfileViewController.swift; sourceTree = "<group>"; };
		1607538A21E1D19F00848F4F /* SettingsViewController.swift */ = {isa = PBXFileReference; lastKnownFileType = sourcecode.swift; path = SettingsViewController.swift; sourceTree = "<group>"; };
		160D6E3321E2FBCA00111908 /* ModifyCodeViewController.swift */ = {isa = PBXFileReference; lastKnownFileType = sourcecode.swift; path = ModifyCodeViewController.swift; sourceTree = "<group>"; };
		160D6E3521E345C600111908 /* SelectFileViewController.swift */ = {isa = PBXFileReference; lastKnownFileType = sourcecode.swift; path = SelectFileViewController.swift; sourceTree = "<group>"; };
		160D6E3721E378B600111908 /* DataPersistenceService.swift */ = {isa = PBXFileReference; lastKnownFileType = sourcecode.swift; path = DataPersistenceService.swift; sourceTree = "<group>"; };
		160D6E3921E3795900111908 /* NetworkInteract2Backend.swift */ = {isa = PBXFileReference; lastKnownFileType = sourcecode.swift; path = NetworkInteract2Backend.swift; sourceTree = "<group>"; };
		160EECD121E218880006006C /* FavCircleSearchViewController.swift */ = {isa = PBXFileReference; lastKnownFileType = sourcecode.swift; path = FavCircleSearchViewController.swift; sourceTree = "<group>"; };
		160EECD321E218B50006006C /* OtherCircleSearchViewController.swift */ = {isa = PBXFileReference; lastKnownFileType = sourcecode.swift; path = OtherCircleSearchViewController.swift; sourceTree = "<group>"; };
		160EECD621E222170006006C /* LoginRegisterViewController.swift */ = {isa = PBXFileReference; lastKnownFileType = sourcecode.swift; path = LoginRegisterViewController.swift; sourceTree = "<group>"; };
		160EECD821E222E30006006C /* RegisterViewController.swift */ = {isa = PBXFileReference; lastKnownFileType = sourcecode.swift; path = RegisterViewController.swift; sourceTree = "<group>"; };
		160EECDA21E222F30006006C /* LoginViewController.swift */ = {isa = PBXFileReference; lastKnownFileType = sourcecode.swift; path = LoginViewController.swift; sourceTree = "<group>"; };
		160EECDD21E22A2E0006006C /* Model.xcdatamodel */ = {isa = PBXFileReference; lastKnownFileType = wrapper.xcdatamodel; path = Model.xcdatamodel; sourceTree = "<group>"; };
		160EECDF21E233E60006006C /* AppAuthorizationSettings.swift */ = {isa = PBXFileReference; lastKnownFileType = sourcecode.swift; path = AppAuthorizationSettings.swift; sourceTree = "<group>"; };
		1617247221E091D20077984C /* MessageViewController.swift */ = {isa = PBXFileReference; lastKnownFileType = sourcecode.swift; path = MessageViewController.swift; sourceTree = "<group>"; };
		1617247421E091E30077984C /* NoticeViewController.swift */ = {isa = PBXFileReference; lastKnownFileType = sourcecode.swift; path = NoticeViewController.swift; sourceTree = "<group>"; };
		1617247621E092110077984C /* ChatViewController.swift */ = {isa = PBXFileReference; lastKnownFileType = sourcecode.swift; path = ChatViewController.swift; sourceTree = "<group>"; };
		1617E1F521E4519400DB38B7 /* DocumentViewController.swift */ = {isa = PBXFileReference; lastKnownFileType = sourcecode.swift; path = DocumentViewController.swift; sourceTree = "<group>"; };
		1617E1F921E451B100DB38B7 /* PictureViewController.swift */ = {isa = PBXFileReference; lastKnownFileType = sourcecode.swift; path = PictureViewController.swift; sourceTree = "<group>"; };
		1617E1FB21E451BF00DB38B7 /* MusicViewController.swift */ = {isa = PBXFileReference; lastKnownFileType = sourcecode.swift; path = MusicViewController.swift; sourceTree = "<group>"; };
		1617E1FD21E451DB00DB38B7 /* OthersViewController.swift */ = {isa = PBXFileReference; lastKnownFileType = sourcecode.swift; path = OthersViewController.swift; sourceTree = "<group>"; };
		1617E20021E4577000DB38B7 /* ImageCollectionViewController.swift */ = {isa = PBXFileReference; lastKnownFileType = sourcecode.swift; path = ImageCollectionViewController.swift; sourceTree = "<group>"; };
		1617E20421E45A3900DB38B7 /* ImageCompleteButton.swift */ = {isa = PBXFileReference; lastKnownFileType = sourcecode.swift; path = ImageCompleteButton.swift; sourceTree = "<group>"; };
		1617E20621E4670200DB38B7 /* ImageCollectionViewCell.swift */ = {isa = PBXFileReference; lastKnownFileType = sourcecode.swift; path = ImageCollectionViewCell.swift; sourceTree = "<group>"; };
		1617E20921E46A0F00DB38B7 /* ImagePickerCell.swift */ = {isa = PBXFileReference; lastKnownFileType = sourcecode.swift; path = ImagePickerCell.swift; sourceTree = "<group>"; };
		1617E20B21E4A2AB00DB38B7 /* DocumentPickerCell.swift */ = {isa = PBXFileReference; lastKnownFileType = sourcecode.swift; path = DocumentPickerCell.swift; sourceTree = "<group>"; };
		1617E20D21E4CD3F00DB38B7 /* OthersPickerCell.swift */ = {isa = PBXFileReference; lastKnownFileType = sourcecode.swift; path = OthersPickerCell.swift; sourceTree = "<group>"; };
		16560E2421DB539F00355BDA /* InitialViewController.swift */ = {isa = PBXFileReference; lastKnownFileType = sourcecode.swift; path = InitialViewController.swift; sourceTree = "<group>"; };
		16560E4021DB60C900355BDA /* ResourceCell.swift */ = {isa = PBXFileReference; lastKnownFileType = sourcecode.swift; path = ResourceCell.swift; sourceTree = "<group>"; };
		16560E4121DB60C900355BDA /* ResourceCell.xib */ = {isa = PBXFileReference; lastKnownFileType = file.xib; path = ResourceCell.xib; sourceTree = "<group>"; };
		16560E4C21DB610000355BDA /* BlacklistCell.swift */ = {isa = PBXFileReference; lastKnownFileType = sourcecode.swift; path = BlacklistCell.swift; sourceTree = "<group>"; };
		16560E4D21DB610000355BDA /* BlacklistCell.xib */ = {isa = PBXFileReference; lastKnownFileType = file.xib; path = BlacklistCell.xib; sourceTree = "<group>"; };
		16560E5221DB72C000355BDA /* CircleContentCell.swift */ = {isa = PBXFileReference; lastKnownFileType = sourcecode.swift; path = CircleContentCell.swift; sourceTree = "<group>"; };
		16560E5321DB72C000355BDA /* CircleContentCell.xib */ = {isa = PBXFileReference; lastKnownFileType = file.xib; path = CircleContentCell.xib; sourceTree = "<group>"; };
		16560E5621DB851300355BDA /* ResourceViewController.swift */ = {isa = PBXFileReference; lastKnownFileType = sourcecode.swift; path = ResourceViewController.swift; sourceTree = "<group>"; };
		16560E5821DB897B00355BDA /* MathContentViewController.swift */ = {isa = PBXFileReference; lastKnownFileType = sourcecode.swift; path = MathContentViewController.swift; sourceTree = "<group>"; };
		16560E5A21DB8A2C00355BDA /* EnglishContentViewController.swift */ = {isa = PBXFileReference; lastKnownFileType = sourcecode.swift; path = EnglishContentViewController.swift; sourceTree = "<group>"; };
		16560E5C21DB8A5B00355BDA /* PoliticContentViewController.swift */ = {isa = PBXFileReference; lastKnownFileType = sourcecode.swift; path = PoliticContentViewController.swift; sourceTree = "<group>"; };
		16560E5E21DB8A7600355BDA /* MajorContentViewController.swift */ = {isa = PBXFileReference; lastKnownFileType = sourcecode.swift; path = MajorContentViewController.swift; sourceTree = "<group>"; };
		1687A95721E1DC9A00741E3A /* SecretFavViewController.swift */ = {isa = PBXFileReference; lastKnownFileType = sourcecode.swift; path = SecretFavViewController.swift; sourceTree = "<group>"; };
		1687A95921E1DE5400741E3A /* SkimFavViewController.swift */ = {isa = PBXFileReference; lastKnownFileType = sourcecode.swift; path = SkimFavViewController.swift; sourceTree = "<group>"; };
		1687A95B21E1E06200741E3A /* BlacklistViewController.swift */ = {isa = PBXFileReference; lastKnownFileType = sourcecode.swift; path = BlacklistViewController.swift; sourceTree = "<group>"; };
		1687A95D21E1E2C800741E3A /* LicenseViewController.swift */ = {isa = PBXFileReference; lastKnownFileType = sourcecode.swift; path = LicenseViewController.swift; sourceTree = "<group>"; };
		1687A96121E1E3BF00741E3A /* FavCircleViewController.swift */ = {isa = PBXFileReference; lastKnownFileType = sourcecode.swift; path = FavCircleViewController.swift; sourceTree = "<group>"; };
		1687A96321E1E3E400741E3A /* AttentionlistViewController.swift */ = {isa = PBXFileReference; lastKnownFileType = sourcecode.swift; path = AttentionlistViewController.swift; sourceTree = "<group>"; };
		1687A96521E1E40300741E3A /* MyShareViewController.swift */ = {isa = PBXFileReference; lastKnownFileType = sourcecode.swift; path = MyShareViewController.swift; sourceTree = "<group>"; };
		1687A96721E1E41400741E3A /* MyCircleViewController.swift */ = {isa = PBXFileReference; lastKnownFileType = sourcecode.swift; path = MyCircleViewController.swift; sourceTree = "<group>"; };
		1687A96921E1E42800741E3A /* MyDownloadViewController.swift */ = {isa = PBXFileReference; lastKnownFileType = sourcecode.swift; path = MyDownloadViewController.swift; sourceTree = "<group>"; };
		1687A96C21E1E7BF00741E3A /* ShareViewController.swift */ = {isa = PBXFileReference; lastKnownFileType = sourcecode.swift; path = ShareViewController.swift; sourceTree = "<group>"; };
		1687A96E21E1E80300741E3A /* PassageShareViewController.swift */ = {isa = PBXFileReference; lastKnownFileType = sourcecode.swift; path = PassageShareViewController.swift; sourceTree = "<group>"; };
		1687A97021E1E81800741E3A /* SourceShareViewController.swift */ = {isa = PBXFileReference; lastKnownFileType = sourcecode.swift; path = SourceShareViewController.swift; sourceTree = "<group>"; };
		1687A97221E1EBC800741E3A /* SelectCategoryViewController.swift */ = {isa = PBXFileReference; lastKnownFileType = sourcecode.swift; path = SelectCategoryViewController.swift; sourceTree = "<group>"; };
		1687A97421E1F2C300741E3A /* SelectionCell.swift */ = {isa = PBXFileReference; lastKnownFileType = sourcecode.swift; path = SelectionCell.swift; sourceTree = "<group>"; };
		1687A97521E1F2C300741E3A /* SelectionCell.xib */ = {isa = PBXFileReference; lastKnownFileType = file.xib; path = SelectionCell.xib; sourceTree = "<group>"; };
		1687A97921E1F4DB00741E3A /* ShareSelectionStaticDataModel.swift */ = {isa = PBXFileReference; lastKnownFileType = sourcecode.swift; path = ShareSelectionStaticDataModel.swift; sourceTree = "<group>"; };
		1687A97B21E1FAAC00741E3A /* CircleChooseViewController.swift */ = {isa = PBXFileReference; lastKnownFileType = sourcecode.swift; path = CircleChooseViewController.swift; sourceTree = "<group>"; };
		169946B721E7BE5E007C67E7 /* MusicPickerCell.swift */ = {isa = PBXFileReference; lastKnownFileType = sourcecode.swift; path = MusicPickerCell.swift; sourceTree = "<group>"; };
		16AAF92E21DDDC0D002A242F /* ResourceDataModel.swift */ = {isa = PBXFileReference; lastKnownFileType = sourcecode.swift; path = ResourceDataModel.swift; sourceTree = "<group>"; };
		16AAF93021DDE0AE002A242F /* MathDataStorage.swift */ = {isa = PBXFileReference; lastKnownFileType = sourcecode.swift; path = MathDataStorage.swift; sourceTree = "<group>"; };
		16AAF93221DDE0C6002A242F /* EnglishDataStorage.swift */ = {isa = PBXFileReference; lastKnownFileType = sourcecode.swift; path = EnglishDataStorage.swift; sourceTree = "<group>"; };
		16AAF93421DDE0D9002A242F /* PoliticDataStorage.swift */ = {isa = PBXFileReference; lastKnownFileType = sourcecode.swift; path = PoliticDataStorage.swift; sourceTree = "<group>"; };
		16AAF93621DDE0EB002A242F /* MajorDataStorage.swift */ = {isa = PBXFileReference; lastKnownFileType = sourcecode.swift; path = MajorDataStorage.swift; sourceTree = "<group>"; };
		16AAF93A21DE2B1D002A242F /* HomeViewController.swift */ = {isa = PBXFileReference; lastKnownFileType = sourcecode.swift; path = HomeViewController.swift; sourceTree = "<group>"; };
		16AAF93C21DE2B9E002A242F /* FavouriteViewController.swift */ = {isa = PBXFileReference; lastKnownFileType = sourcecode.swift; path = FavouriteViewController.swift; sourceTree = "<group>"; };
		16AAF93E21DE2BAE002A242F /* RecommendViewController.swift */ = {isa = PBXFileReference; lastKnownFileType = sourcecode.swift; path = RecommendViewController.swift; sourceTree = "<group>"; };
		16E3A9BC21E7696700FBEBFA /* AppSettings.swift */ = {isa = PBXFileReference; lastKnownFileType = sourcecode.swift; path = AppSettings.swift; sourceTree = "<group>"; };
		16FFF75F21CF9BA200C07BB1 /* Kaoyaners.app */ = {isa = PBXFileReference; explicitFileType = wrapper.application; includeInIndex = 0; path = Kaoyaners.app; sourceTree = BUILT_PRODUCTS_DIR; };
		16FFF76221CF9BA200C07BB1 /* AppDelegate.swift */ = {isa = PBXFileReference; lastKnownFileType = sourcecode.swift; path = AppDelegate.swift; sourceTree = "<group>"; };
		16FFF76721CF9BA200C07BB1 /* Base */ = {isa = PBXFileReference; lastKnownFileType = file.storyboard; name = Base; path = Base.lproj/Main.storyboard; sourceTree = "<group>"; };
		16FFF76921CF9BA400C07BB1 /* Assets.xcassets */ = {isa = PBXFileReference; lastKnownFileType = folder.assetcatalog; path = Assets.xcassets; sourceTree = "<group>"; };
		16FFF76C21CF9BA400C07BB1 /* Base */ = {isa = PBXFileReference; lastKnownFileType = file.storyboard; name = Base; path = Base.lproj/LaunchScreen.storyboard; sourceTree = "<group>"; };
		16FFF76E21CF9BA400C07BB1 /* Info.plist */ = {isa = PBXFileReference; lastKnownFileType = text.plist.xml; path = Info.plist; sourceTree = "<group>"; };
		16FFF77321CF9BA400C07BB1 /* KaoyanersTests.xctest */ = {isa = PBXFileReference; explicitFileType = wrapper.cfbundle; includeInIndex = 0; path = KaoyanersTests.xctest; sourceTree = BUILT_PRODUCTS_DIR; };
		16FFF77721CF9BA400C07BB1 /* KaoyanersTests.swift */ = {isa = PBXFileReference; lastKnownFileType = sourcecode.swift; path = KaoyanersTests.swift; sourceTree = "<group>"; };
		16FFF77921CF9BA400C07BB1 /* Info.plist */ = {isa = PBXFileReference; lastKnownFileType = text.plist.xml; path = Info.plist; sourceTree = "<group>"; };
		16FFF77E21CF9BA400C07BB1 /* KaoyanersUITests.xctest */ = {isa = PBXFileReference; explicitFileType = wrapper.cfbundle; includeInIndex = 0; path = KaoyanersUITests.xctest; sourceTree = BUILT_PRODUCTS_DIR; };
		16FFF78221CF9BA400C07BB1 /* KaoyanersUITests.swift */ = {isa = PBXFileReference; lastKnownFileType = sourcecode.swift; path = KaoyanersUITests.swift; sourceTree = "<group>"; };
		16FFF78421CF9BA400C07BB1 /* Info.plist */ = {isa = PBXFileReference; lastKnownFileType = text.plist.xml; path = Info.plist; sourceTree = "<group>"; };
		1F007DBB772D3AAA163C403C /* Pods-KaoyanersUITests.debug.xcconfig */ = {isa = PBXFileReference; includeInIndex = 1; lastKnownFileType = text.xcconfig; name = "Pods-KaoyanersUITests.debug.xcconfig"; path = "Pods/Target Support Files/Pods-KaoyanersUITests/Pods-KaoyanersUITests.debug.xcconfig"; sourceTree = "<group>"; };
		20EC13CA17B2EC6C9A92C240 /* Pods_KaoyanersUITests.framework */ = {isa = PBXFileReference; explicitFileType = wrapper.framework; includeInIndex = 0; path = Pods_KaoyanersUITests.framework; sourceTree = BUILT_PRODUCTS_DIR; };
		505BC84674435E4B3A4946A2 /* Pods-KaoyanersUITests.release.xcconfig */ = {isa = PBXFileReference; includeInIndex = 1; lastKnownFileType = text.xcconfig; name = "Pods-KaoyanersUITests.release.xcconfig"; path = "Pods/Target Support Files/Pods-KaoyanersUITests/Pods-KaoyanersUITests.release.xcconfig"; sourceTree = "<group>"; };
		67A49A31C26E70F46D59C286 /* Pods_Kaoyaners.framework */ = {isa = PBXFileReference; explicitFileType = wrapper.framework; includeInIndex = 0; path = Pods_Kaoyaners.framework; sourceTree = BUILT_PRODUCTS_DIR; };
		67B64DFD7B9D907862E85C17 /* Pods-KaoyanersTests.release.xcconfig */ = {isa = PBXFileReference; includeInIndex = 1; lastKnownFileType = text.xcconfig; name = "Pods-KaoyanersTests.release.xcconfig"; path = "Pods/Target Support Files/Pods-KaoyanersTests/Pods-KaoyanersTests.release.xcconfig"; sourceTree = "<group>"; };
		6D33F8C0FC98B4629728670D /* Pods-Kaoyaners.release.xcconfig */ = {isa = PBXFileReference; includeInIndex = 1; lastKnownFileType = text.xcconfig; name = "Pods-Kaoyaners.release.xcconfig"; path = "Pods/Target Support Files/Pods-Kaoyaners/Pods-Kaoyaners.release.xcconfig"; sourceTree = "<group>"; };
		AB12BF3F25B39A992113D3A7 /* Pods-KaoyanersTests.debug.xcconfig */ = {isa = PBXFileReference; includeInIndex = 1; lastKnownFileType = text.xcconfig; name = "Pods-KaoyanersTests.debug.xcconfig"; path = "Pods/Target Support Files/Pods-KaoyanersTests/Pods-KaoyanersTests.debug.xcconfig"; sourceTree = "<group>"; };
		C26B25A440276571BB1CBB51 /* Pods_KaoyanersTests.framework */ = {isa = PBXFileReference; explicitFileType = wrapper.framework; includeInIndex = 0; path = Pods_KaoyanersTests.framework; sourceTree = BUILT_PRODUCTS_DIR; };
		C3E5C8D2FAC13BD37D601A0E /* Pods-Kaoyaners.debug.xcconfig */ = {isa = PBXFileReference; includeInIndex = 1; lastKnownFileType = text.xcconfig; name = "Pods-Kaoyaners.debug.xcconfig"; path = "Pods/Target Support Files/Pods-Kaoyaners/Pods-Kaoyaners.debug.xcconfig"; sourceTree = "<group>"; };
/* End PBXFileReference section */

/* Begin PBXFrameworksBuildPhase section */
		16FFF75C21CF9BA200C07BB1 /* Frameworks */ = {
			isa = PBXFrameworksBuildPhase;
			buildActionMask = 2147483647;
			files = (
				D563EDC5B11AB705FBAA34F9 /* Pods_Kaoyaners.framework in Frameworks */,
			);
			runOnlyForDeploymentPostprocessing = 0;
		};
		16FFF77021CF9BA400C07BB1 /* Frameworks */ = {
			isa = PBXFrameworksBuildPhase;
			buildActionMask = 2147483647;
			files = (
				25744C511941C74200AD1782 /* Pods_KaoyanersTests.framework in Frameworks */,
			);
			runOnlyForDeploymentPostprocessing = 0;
		};
		16FFF77B21CF9BA400C07BB1 /* Frameworks */ = {
			isa = PBXFrameworksBuildPhase;
			buildActionMask = 2147483647;
			files = (
				2BBED81B4AFD7672828B6F0F /* Pods_KaoyanersUITests.framework in Frameworks */,
			);
			runOnlyForDeploymentPostprocessing = 0;
		};
/* End PBXFrameworksBuildPhase section */

/* Begin PBXGroup section */
		1607538721E1D0C900848F4F /* ProfileController */ = {
			isa = PBXGroup;
			children = (
				160EECD521E221DE0006006C /* LoginController */,
				1687A96021E1E38800741E3A /* MyInfoController */,
				1687A95F21E1E35700741E3A /* SettingsController */,
				1607538821E1D0F800848F4F /* MyProfileViewController.swift */,
			);
			path = ProfileController;
			sourceTree = "<group>";
		};
		160EECD521E221DE0006006C /* LoginController */ = {
			isa = PBXGroup;
			children = (
				160EECD621E222170006006C /* LoginRegisterViewController.swift */,
				160EECD821E222E30006006C /* RegisterViewController.swift */,
				160EECDA21E222F30006006C /* LoginViewController.swift */,
			);
			path = LoginController;
			sourceTree = "<group>";
		};
		1617247121E091B00077984C /* MessageController */ = {
			isa = PBXGroup;
			children = (
				1617247221E091D20077984C /* MessageViewController.swift */,
				1617247421E091E30077984C /* NoticeViewController.swift */,
				1617247621E092110077984C /* ChatViewController.swift */,
			);
			path = MessageController;
			sourceTree = "<group>";
		};
		1617E1F121E44B0300DB38B7 /* PassageShareController */ = {
			isa = PBXGroup;
			children = (
				1687A96E21E1E80300741E3A /* PassageShareViewController.swift */,
				1687A97B21E1FAAC00741E3A /* CircleChooseViewController.swift */,
				160EECD121E218880006006C /* FavCircleSearchViewController.swift */,
				160EECD321E218B50006006C /* OtherCircleSearchViewController.swift */,
			);
			path = PassageShareController;
			sourceTree = "<group>";
		};
		1617E1F221E44B3400DB38B7 /* ResourceShareController */ = {
			isa = PBXGroup;
			children = (
				1617E1FF21E452D300DB38B7 /* PhotosController */,
				1687A97021E1E81800741E3A /* SourceShareViewController.swift */,
				1687A97221E1EBC800741E3A /* SelectCategoryViewController.swift */,
				160D6E3521E345C600111908 /* SelectFileViewController.swift */,
				1617E1F521E4519400DB38B7 /* DocumentViewController.swift */,
				1617E1F921E451B100DB38B7 /* PictureViewController.swift */,
				1617E1FB21E451BF00DB38B7 /* MusicViewController.swift */,
				1617E1FD21E451DB00DB38B7 /* OthersViewController.swift */,
			);
			path = ResourceShareController;
			sourceTree = "<group>";
		};
		1617E1FF21E452D300DB38B7 /* PhotosController */ = {
			isa = PBXGroup;
			children = (
				1617E20021E4577000DB38B7 /* ImageCollectionViewController.swift */,
			);
			path = PhotosController;
			sourceTree = "<group>";
		};
		1617E20821E4671100DB38B7 /* Button */ = {
			isa = PBXGroup;
			children = (
				1617E20421E45A3900DB38B7 /* ImageCompleteButton.swift */,
			);
			path = Button;
			sourceTree = "<group>";
		};
		16560E2121DB515600355BDA /* Services */ = {
			isa = PBXGroup;
			children = (
				160D6E3721E378B600111908 /* DataPersistenceService.swift */,
				160D6E3921E3795900111908 /* NetworkInteract2Backend.swift */,
			);
			path = Services;
			sourceTree = "<group>";
		};
		1687A95F21E1E35700741E3A /* SettingsController */ = {
			isa = PBXGroup;
			children = (
				1607538A21E1D19F00848F4F /* SettingsViewController.swift */,
				1687A95721E1DC9A00741E3A /* SecretFavViewController.swift */,
				1687A95921E1DE5400741E3A /* SkimFavViewController.swift */,
				1687A95B21E1E06200741E3A /* BlacklistViewController.swift */,
				1687A95D21E1E2C800741E3A /* LicenseViewController.swift */,
				160D6E3321E2FBCA00111908 /* ModifyCodeViewController.swift */,
			);
			path = SettingsController;
			sourceTree = "<group>";
		};
		1687A96021E1E38800741E3A /* MyInfoController */ = {
			isa = PBXGroup;
			children = (
				1687A96121E1E3BF00741E3A /* FavCircleViewController.swift */,
				1687A96321E1E3E400741E3A /* AttentionlistViewController.swift */,
				1687A96521E1E40300741E3A /* MyShareViewController.swift */,
				1687A96721E1E41400741E3A /* MyCircleViewController.swift */,
				1687A96921E1E42800741E3A /* MyDownloadViewController.swift */,
			);
			path = MyInfoController;
			sourceTree = "<group>";
		};
		1687A96B21E1E7AB00741E3A /* ShareController */ = {
			isa = PBXGroup;
			children = (
				1617E1F221E44B3400DB38B7 /* ResourceShareController */,
				1617E1F121E44B0300DB38B7 /* PassageShareController */,
				1687A96C21E1E7BF00741E3A /* ShareViewController.swift */,
			);
			path = ShareController;
			sourceTree = "<group>";
		};
		1687A97821E1F4A100741E3A /* ShareSelectionStaticModel */ = {
			isa = PBXGroup;
			children = (
				1687A97921E1F4DB00741E3A /* ShareSelectionStaticDataModel.swift */,
			);
			path = ShareSelectionStaticModel;
			sourceTree = "<group>";
		};
		16AAF92D21DDDB4B002A242F /* Views */ = {
			isa = PBXGroup;
			children = (
				1617E20821E4671100DB38B7 /* Button */,
				16FFF79421CF9C7E00C07BB1 /* Cells */,
			);
			path = Views;
			sourceTree = "<group>";
		};
		16AAF93821DE2AE0002A242F /* ResourceController */ = {
			isa = PBXGroup;
			children = (
				16560E5A21DB8A2C00355BDA /* EnglishContentViewController.swift */,
				16560E5C21DB8A5B00355BDA /* PoliticContentViewController.swift */,
				16560E5E21DB8A7600355BDA /* MajorContentViewController.swift */,
				16560E5821DB897B00355BDA /* MathContentViewController.swift */,
				16560E5621DB851300355BDA /* ResourceViewController.swift */,
			);
			path = ResourceController;
			sourceTree = "<group>";
		};
		16AAF93921DE2B01002A242F /* HomeController */ = {
			isa = PBXGroup;
			children = (
				16AAF93A21DE2B1D002A242F /* HomeViewController.swift */,
				16AAF93C21DE2B9E002A242F /* FavouriteViewController.swift */,
				16AAF93E21DE2BAE002A242F /* RecommendViewController.swift */,
			);
			path = HomeController;
			sourceTree = "<group>";
		};
		16AAF94021DE2CAA002A242F /* ResourceModel */ = {
			isa = PBXGroup;
			children = (
				16AAF92E21DDDC0D002A242F /* ResourceDataModel.swift */,
				16AAF93021DDE0AE002A242F /* MathDataStorage.swift */,
				16AAF93221DDE0C6002A242F /* EnglishDataStorage.swift */,
				16AAF93421DDE0D9002A242F /* PoliticDataStorage.swift */,
				16AAF93621DDE0EB002A242F /* MajorDataStorage.swift */,
			);
			path = ResourceModel;
			sourceTree = "<group>";
		};
		16FFF75621CF9BA200C07BB1 = {
			isa = PBXGroup;
			children = (
				16FFF76121CF9BA200C07BB1 /* Kaoyaners */,
				16FFF77621CF9BA400C07BB1 /* KaoyanersTests */,
				16FFF78121CF9BA400C07BB1 /* KaoyanersUITests */,
				16FFF76021CF9BA200C07BB1 /* Products */,
				CA3352961DE2CDE214533B9F /* Pods */,
				44ABFEE91BE816FB06BFC9CF /* Frameworks */,
			);
			sourceTree = "<group>";
		};
		16FFF76021CF9BA200C07BB1 /* Products */ = {
			isa = PBXGroup;
			children = (
				16FFF75F21CF9BA200C07BB1 /* Kaoyaners.app */,
				16FFF77321CF9BA400C07BB1 /* KaoyanersTests.xctest */,
				16FFF77E21CF9BA400C07BB1 /* KaoyanersUITests.xctest */,
			);
			name = Products;
			sourceTree = "<group>";
		};
		16FFF76121CF9BA200C07BB1 /* Kaoyaners */ = {
			isa = PBXGroup;
			children = (
				16AAF92D21DDDB4B002A242F /* Views */,
				16560E2121DB515600355BDA /* Services */,
				16FFF79521CF9C9100C07BB1 /* Supports */,
				16FFF79221CF9C5D00C07BB1 /* DataModels */,
				16FFF79121CF9C4800C07BB1 /* ViewControllers */,
				16FFF79021CF9C4000C07BB1 /* App */,
			);
			path = Kaoyaners;
			sourceTree = "<group>";
		};
		16FFF77621CF9BA400C07BB1 /* KaoyanersTests */ = {
			isa = PBXGroup;
			children = (
				16FFF77721CF9BA400C07BB1 /* KaoyanersTests.swift */,
				16FFF77921CF9BA400C07BB1 /* Info.plist */,
			);
			path = KaoyanersTests;
			sourceTree = "<group>";
		};
		16FFF78121CF9BA400C07BB1 /* KaoyanersUITests */ = {
			isa = PBXGroup;
			children = (
				16FFF78221CF9BA400C07BB1 /* KaoyanersUITests.swift */,
				16FFF78421CF9BA400C07BB1 /* Info.plist */,
			);
			path = KaoyanersUITests;
			sourceTree = "<group>";
		};
		16FFF79021CF9C4000C07BB1 /* App */ = {
			isa = PBXGroup;
			children = (
				16FFF76221CF9BA200C07BB1 /* AppDelegate.swift */,
				160EECDC21E22A2E0006006C /* Kaoyaners.xcdatamodeld */,
				160EECDF21E233E60006006C /* AppAuthorizationSettings.swift */,
				16E3A9BC21E7696700FBEBFA /* AppSettings.swift */,
			);
			path = App;
			sourceTree = "<group>";
		};
		16FFF79121CF9C4800C07BB1 /* ViewControllers */ = {
			isa = PBXGroup;
			children = (
				1687A96B21E1E7AB00741E3A /* ShareController */,
				1607538721E1D0C900848F4F /* ProfileController */,
				1617247121E091B00077984C /* MessageController */,
				16AAF93921DE2B01002A242F /* HomeController */,
				16AAF93821DE2AE0002A242F /* ResourceController */,
				16560E2421DB539F00355BDA /* InitialViewController.swift */,
			);
			path = ViewControllers;
			sourceTree = "<group>";
		};
		16FFF79221CF9C5D00C07BB1 /* DataModels */ = {
			isa = PBXGroup;
			children = (
				1687A97821E1F4A100741E3A /* ShareSelectionStaticModel */,
				16AAF94021DE2CAA002A242F /* ResourceModel */,
			);
			path = DataModels;
			sourceTree = "<group>";
		};
		16FFF79421CF9C7E00C07BB1 /* Cells */ = {
			isa = PBXGroup;
			children = (
				16560E4C21DB610000355BDA /* BlacklistCell.swift */,
				16560E5221DB72C000355BDA /* CircleContentCell.swift */,
				16560E4021DB60C900355BDA /* ResourceCell.swift */,
				1687A97421E1F2C300741E3A /* SelectionCell.swift */,
				1617E20621E4670200DB38B7 /* ImageCollectionViewCell.swift */,
				1617E20921E46A0F00DB38B7 /* ImagePickerCell.swift */,
				1617E20B21E4A2AB00DB38B7 /* DocumentPickerCell.swift */,
				1617E20D21E4CD3F00DB38B7 /* OthersPickerCell.swift */,
				169946B721E7BE5E007C67E7 /* MusicPickerCell.swift */,
			);
			path = Cells;
			sourceTree = "<group>";
		};
		16FFF79521CF9C9100C07BB1 /* Supports */ = {
			isa = PBXGroup;
			children = (
				16560E5321DB72C000355BDA /* CircleContentCell.xib */,
				16560E4121DB60C900355BDA /* ResourceCell.xib */,
				16560E4D21DB610000355BDA /* BlacklistCell.xib */,
				16FFF76621CF9BA200C07BB1 /* Main.storyboard */,
				16FFF76B21CF9BA400C07BB1 /* LaunchScreen.storyboard */,
				1687A97521E1F2C300741E3A /* SelectionCell.xib */,
				16FFF76921CF9BA400C07BB1 /* Assets.xcassets */,
				16FFF76E21CF9BA400C07BB1 /* Info.plist */,
			);
			path = Supports;
			sourceTree = "<group>";
		};
		44ABFEE91BE816FB06BFC9CF /* Frameworks */ = {
			isa = PBXGroup;
			children = (
				67A49A31C26E70F46D59C286 /* Pods_Kaoyaners.framework */,
				C26B25A440276571BB1CBB51 /* Pods_KaoyanersTests.framework */,
				20EC13CA17B2EC6C9A92C240 /* Pods_KaoyanersUITests.framework */,
			);
			name = Frameworks;
			sourceTree = "<group>";
		};
		CA3352961DE2CDE214533B9F /* Pods */ = {
			isa = PBXGroup;
			children = (
				C3E5C8D2FAC13BD37D601A0E /* Pods-Kaoyaners.debug.xcconfig */,
				6D33F8C0FC98B4629728670D /* Pods-Kaoyaners.release.xcconfig */,
				AB12BF3F25B39A992113D3A7 /* Pods-KaoyanersTests.debug.xcconfig */,
				67B64DFD7B9D907862E85C17 /* Pods-KaoyanersTests.release.xcconfig */,
				1F007DBB772D3AAA163C403C /* Pods-KaoyanersUITests.debug.xcconfig */,
				505BC84674435E4B3A4946A2 /* Pods-KaoyanersUITests.release.xcconfig */,
			);
			name = Pods;
			sourceTree = "<group>";
		};
/* End PBXGroup section */

/* Begin PBXNativeTarget section */
		16FFF75E21CF9BA200C07BB1 /* Kaoyaners */ = {
			isa = PBXNativeTarget;
			buildConfigurationList = 16FFF78721CF9BA400C07BB1 /* Build configuration list for PBXNativeTarget "Kaoyaners" */;
			buildPhases = (
				2014195A334C0103EDEFDF81 /* [CP] Check Pods Manifest.lock */,
				16FFF75B21CF9BA200C07BB1 /* Sources */,
				16FFF75C21CF9BA200C07BB1 /* Frameworks */,
				16FFF75D21CF9BA200C07BB1 /* Resources */,
				1CF72D92687545C7F388E883 /* [CP] Embed Pods Frameworks */,
			);
			buildRules = (
			);
			dependencies = (
			);
			name = Kaoyaners;
			productName = Kaoyaners;
			productReference = 16FFF75F21CF9BA200C07BB1 /* Kaoyaners.app */;
			productType = "com.apple.product-type.application";
		};
		16FFF77221CF9BA400C07BB1 /* KaoyanersTests */ = {
			isa = PBXNativeTarget;
			buildConfigurationList = 16FFF78A21CF9BA400C07BB1 /* Build configuration list for PBXNativeTarget "KaoyanersTests" */;
			buildPhases = (
				65FAD751A04D935489D0AD50 /* [CP] Check Pods Manifest.lock */,
				16FFF76F21CF9BA400C07BB1 /* Sources */,
				16FFF77021CF9BA400C07BB1 /* Frameworks */,
				16FFF77121CF9BA400C07BB1 /* Resources */,
			);
			buildRules = (
			);
			dependencies = (
				16FFF77521CF9BA400C07BB1 /* PBXTargetDependency */,
			);
			name = KaoyanersTests;
			productName = KaoyanersTests;
			productReference = 16FFF77321CF9BA400C07BB1 /* KaoyanersTests.xctest */;
			productType = "com.apple.product-type.bundle.unit-test";
		};
		16FFF77D21CF9BA400C07BB1 /* KaoyanersUITests */ = {
			isa = PBXNativeTarget;
			buildConfigurationList = 16FFF78D21CF9BA400C07BB1 /* Build configuration list for PBXNativeTarget "KaoyanersUITests" */;
			buildPhases = (
				D9628A59027C9DE07B646F4A /* [CP] Check Pods Manifest.lock */,
				16FFF77A21CF9BA400C07BB1 /* Sources */,
				16FFF77B21CF9BA400C07BB1 /* Frameworks */,
				16FFF77C21CF9BA400C07BB1 /* Resources */,
			);
			buildRules = (
			);
			dependencies = (
				16FFF78021CF9BA400C07BB1 /* PBXTargetDependency */,
			);
			name = KaoyanersUITests;
			productName = KaoyanersUITests;
			productReference = 16FFF77E21CF9BA400C07BB1 /* KaoyanersUITests.xctest */;
			productType = "com.apple.product-type.bundle.ui-testing";
		};
/* End PBXNativeTarget section */

/* Begin PBXProject section */
		16FFF75721CF9BA200C07BB1 /* Project object */ = {
			isa = PBXProject;
			attributes = {
				LastSwiftUpdateCheck = 1010;
				LastUpgradeCheck = 1010;
				ORGANIZATIONNAME = cn.nju;
				TargetAttributes = {
					16FFF75E21CF9BA200C07BB1 = {
						CreatedOnToolsVersion = 10.1;
					};
					16FFF77221CF9BA400C07BB1 = {
						CreatedOnToolsVersion = 10.1;
						TestTargetID = 16FFF75E21CF9BA200C07BB1;
					};
					16FFF77D21CF9BA400C07BB1 = {
						CreatedOnToolsVersion = 10.1;
						TestTargetID = 16FFF75E21CF9BA200C07BB1;
					};
				};
			};
			buildConfigurationList = 16FFF75A21CF9BA200C07BB1 /* Build configuration list for PBXProject "Kaoyaners" */;
			compatibilityVersion = "Xcode 9.3";
			developmentRegion = en;
			hasScannedForEncodings = 0;
			knownRegions = (
				en,
				Base,
			);
			mainGroup = 16FFF75621CF9BA200C07BB1;
			productRefGroup = 16FFF76021CF9BA200C07BB1 /* Products */;
			projectDirPath = "";
			projectRoot = "";
			targets = (
				16FFF75E21CF9BA200C07BB1 /* Kaoyaners */,
				16FFF77221CF9BA400C07BB1 /* KaoyanersTests */,
				16FFF77D21CF9BA400C07BB1 /* KaoyanersUITests */,
			);
		};
/* End PBXProject section */

/* Begin PBXResourcesBuildPhase section */
		16FFF75D21CF9BA200C07BB1 /* Resources */ = {
			isa = PBXResourcesBuildPhase;
			buildActionMask = 2147483647;
			files = (
				16FFF76D21CF9BA400C07BB1 /* LaunchScreen.storyboard in Resources */,
				16560E4321DB60C900355BDA /* ResourceCell.xib in Resources */,
				1687A97721E1F2C300741E3A /* SelectionCell.xib in Resources */,
				16FFF76A21CF9BA400C07BB1 /* Assets.xcassets in Resources */,
				16560E5521DB72C000355BDA /* CircleContentCell.xib in Resources */,
				16560E4F21DB610000355BDA /* BlacklistCell.xib in Resources */,
				16FFF76821CF9BA200C07BB1 /* Main.storyboard in Resources */,
			);
			runOnlyForDeploymentPostprocessing = 0;
		};
		16FFF77121CF9BA400C07BB1 /* Resources */ = {
			isa = PBXResourcesBuildPhase;
			buildActionMask = 2147483647;
			files = (
			);
			runOnlyForDeploymentPostprocessing = 0;
		};
		16FFF77C21CF9BA400C07BB1 /* Resources */ = {
			isa = PBXResourcesBuildPhase;
			buildActionMask = 2147483647;
			files = (
			);
			runOnlyForDeploymentPostprocessing = 0;
		};
/* End PBXResourcesBuildPhase section */

/* Begin PBXShellScriptBuildPhase section */
		1CF72D92687545C7F388E883 /* [CP] Embed Pods Frameworks */ = {
			isa = PBXShellScriptBuildPhase;
			buildActionMask = 2147483647;
			files = (
			);
			inputFileListPaths = (
			);
			inputPaths = (
				"${SRCROOT}/Pods/Target Support Files/Pods-Kaoyaners/Pods-Kaoyaners-frameworks.sh",
				"${BUILT_PRODUCTS_DIR}/Alamofire/Alamofire.framework",
				"${BUILT_PRODUCTS_DIR}/SDWebImage/SDWebImage.framework",
				"${BUILT_PRODUCTS_DIR}/SKPhotoBrowser/SKPhotoBrowser.framework",
				"${BUILT_PRODUCTS_DIR}/SSZipArchive/SSZipArchive.framework",
				"${BUILT_PRODUCTS_DIR}/SwiftyJSON/SwiftyJSON.framework",
			);
			name = "[CP] Embed Pods Frameworks";
			outputFileListPaths = (
			);
			outputPaths = (
				"${TARGET_BUILD_DIR}/${FRAMEWORKS_FOLDER_PATH}/Alamofire.framework",
				"${TARGET_BUILD_DIR}/${FRAMEWORKS_FOLDER_PATH}/SDWebImage.framework",
				"${TARGET_BUILD_DIR}/${FRAMEWORKS_FOLDER_PATH}/SKPhotoBrowser.framework",
				"${TARGET_BUILD_DIR}/${FRAMEWORKS_FOLDER_PATH}/SSZipArchive.framework",
				"${TARGET_BUILD_DIR}/${FRAMEWORKS_FOLDER_PATH}/SwiftyJSON.framework",
			);
			runOnlyForDeploymentPostprocessing = 0;
			shellPath = /bin/sh;
			shellScript = "\"${SRCROOT}/Pods/Target Support Files/Pods-Kaoyaners/Pods-Kaoyaners-frameworks.sh\"\n";
			showEnvVarsInLog = 0;
		};
		2014195A334C0103EDEFDF81 /* [CP] Check Pods Manifest.lock */ = {
			isa = PBXShellScriptBuildPhase;
			buildActionMask = 2147483647;
			files = (
			);
			inputFileListPaths = (
			);
			inputPaths = (
				"${PODS_PODFILE_DIR_PATH}/Podfile.lock",
				"${PODS_ROOT}/Manifest.lock",
			);
			name = "[CP] Check Pods Manifest.lock";
			outputFileListPaths = (
			);
			outputPaths = (
				"$(DERIVED_FILE_DIR)/Pods-Kaoyaners-checkManifestLockResult.txt",
			);
			runOnlyForDeploymentPostprocessing = 0;
			shellPath = /bin/sh;
			shellScript = "diff \"${PODS_PODFILE_DIR_PATH}/Podfile.lock\" \"${PODS_ROOT}/Manifest.lock\" > /dev/null\nif [ $? != 0 ] ; then\n    # print error to STDERR\n    echo \"error: The sandbox is not in sync with the Podfile.lock. Run 'pod install' or update your CocoaPods installation.\" >&2\n    exit 1\nfi\n# This output is used by Xcode 'outputs' to avoid re-running this script phase.\necho \"SUCCESS\" > \"${SCRIPT_OUTPUT_FILE_0}\"\n";
			showEnvVarsInLog = 0;
		};
		65FAD751A04D935489D0AD50 /* [CP] Check Pods Manifest.lock */ = {
			isa = PBXShellScriptBuildPhase;
			buildActionMask = 2147483647;
			files = (
			);
			inputFileListPaths = (
			);
			inputPaths = (
				"${PODS_PODFILE_DIR_PATH}/Podfile.lock",
				"${PODS_ROOT}/Manifest.lock",
			);
			name = "[CP] Check Pods Manifest.lock";
			outputFileListPaths = (
			);
			outputPaths = (
				"$(DERIVED_FILE_DIR)/Pods-KaoyanersTests-checkManifestLockResult.txt",
			);
			runOnlyForDeploymentPostprocessing = 0;
			shellPath = /bin/sh;
			shellScript = "diff \"${PODS_PODFILE_DIR_PATH}/Podfile.lock\" \"${PODS_ROOT}/Manifest.lock\" > /dev/null\nif [ $? != 0 ] ; then\n    # print error to STDERR\n    echo \"error: The sandbox is not in sync with the Podfile.lock. Run 'pod install' or update your CocoaPods installation.\" >&2\n    exit 1\nfi\n# This output is used by Xcode 'outputs' to avoid re-running this script phase.\necho \"SUCCESS\" > \"${SCRIPT_OUTPUT_FILE_0}\"\n";
			showEnvVarsInLog = 0;
		};
		D9628A59027C9DE07B646F4A /* [CP] Check Pods Manifest.lock */ = {
			isa = PBXShellScriptBuildPhase;
			buildActionMask = 2147483647;
			files = (
			);
			inputFileListPaths = (
			);
			inputPaths = (
				"${PODS_PODFILE_DIR_PATH}/Podfile.lock",
				"${PODS_ROOT}/Manifest.lock",
			);
			name = "[CP] Check Pods Manifest.lock";
			outputFileListPaths = (
			);
			outputPaths = (
				"$(DERIVED_FILE_DIR)/Pods-KaoyanersUITests-checkManifestLockResult.txt",
			);
			runOnlyForDeploymentPostprocessing = 0;
			shellPath = /bin/sh;
			shellScript = "diff \"${PODS_PODFILE_DIR_PATH}/Podfile.lock\" \"${PODS_ROOT}/Manifest.lock\" > /dev/null\nif [ $? != 0 ] ; then\n    # print error to STDERR\n    echo \"error: The sandbox is not in sync with the Podfile.lock. Run 'pod install' or update your CocoaPods installation.\" >&2\n    exit 1\nfi\n# This output is used by Xcode 'outputs' to avoid re-running this script phase.\necho \"SUCCESS\" > \"${SCRIPT_OUTPUT_FILE_0}\"\n";
			showEnvVarsInLog = 0;
		};
/* End PBXShellScriptBuildPhase section */

/* Begin PBXSourcesBuildPhase section */
		16FFF75B21CF9BA200C07BB1 /* Sources */ = {
			isa = PBXSourcesBuildPhase;
			buildActionMask = 2147483647;
			files = (
				1617E1FE21E451DB00DB38B7 /* OthersViewController.swift in Sources */,
				169946B821E7BE5E007C67E7 /* MusicPickerCell.swift in Sources */,
				16560E5921DB897B00355BDA /* MathContentViewController.swift in Sources */,
				160EECD921E222E30006006C /* RegisterViewController.swift in Sources */,
				1687A97621E1F2C300741E3A /* SelectionCell.swift in Sources */,
				16AAF93721DDE0EB002A242F /* MajorDataStorage.swift in Sources */,
				160EECD721E222170006006C /* LoginRegisterViewController.swift in Sources */,
				16AAF93D21DE2B9E002A242F /* FavouriteViewController.swift in Sources */,
				1617E1FA21E451B100DB38B7 /* PictureViewController.swift in Sources */,
				1687A96821E1E41400741E3A /* MyCircleViewController.swift in Sources */,
				16FFF76321CF9BA200C07BB1 /* AppDelegate.swift in Sources */,
				1607538921E1D0F800848F4F /* MyProfileViewController.swift in Sources */,
				160EECD421E218B50006006C /* OtherCircleSearchViewController.swift in Sources */,
				1617E20C21E4A2AB00DB38B7 /* DocumentPickerCell.swift in Sources */,
				16560E5F21DB8A7600355BDA /* MajorContentViewController.swift in Sources */,
				1687A95C21E1E06200741E3A /* BlacklistViewController.swift in Sources */,
				1687A96F21E1E80300741E3A /* PassageShareViewController.swift in Sources */,
				16560E4221DB60C900355BDA /* ResourceCell.swift in Sources */,
				1617E1FC21E451BF00DB38B7 /* MusicViewController.swift in Sources */,
				160D6E3421E2FBCA00111908 /* ModifyCodeViewController.swift in Sources */,
				16560E5721DB851300355BDA /* ResourceViewController.swift in Sources */,
				16AAF93321DDE0C6002A242F /* EnglishDataStorage.swift in Sources */,
				1687A96621E1E40300741E3A /* MyShareViewController.swift in Sources */,
				1687A96D21E1E7BF00741E3A /* ShareViewController.swift in Sources */,
				16AAF93121DDE0AE002A242F /* MathDataStorage.swift in Sources */,
				1687A97A21E1F4DB00741E3A /* ShareSelectionStaticDataModel.swift in Sources */,
				1617E1F621E4519400DB38B7 /* DocumentViewController.swift in Sources */,
				16560E5421DB72C000355BDA /* CircleContentCell.swift in Sources */,
				1617E20A21E46A0F00DB38B7 /* ImagePickerCell.swift in Sources */,
				1617247721E092110077984C /* ChatViewController.swift in Sources */,
				1617E20121E4577000DB38B7 /* ImageCollectionViewController.swift in Sources */,
				1617E20521E45A3900DB38B7 /* ImageCompleteButton.swift in Sources */,
				16560E5B21DB8A2C00355BDA /* EnglishContentViewController.swift in Sources */,
				1687A97321E1EBC800741E3A /* SelectCategoryViewController.swift in Sources */,
				16AAF93F21DE2BAE002A242F /* RecommendViewController.swift in Sources */,
				16560E5D21DB8A5B00355BDA /* PoliticContentViewController.swift in Sources */,
				1607538B21E1D19F00848F4F /* SettingsViewController.swift in Sources */,
				160D6E3A21E3795900111908 /* NetworkInteract2Backend.swift in Sources */,
				1617E20721E4670200DB38B7 /* ImageCollectionViewCell.swift in Sources */,
				16AAF93B21DE2B1D002A242F /* HomeViewController.swift in Sources */,
				1617247521E091E30077984C /* NoticeViewController.swift in Sources */,
				1687A97C21E1FAAC00741E3A /* CircleChooseViewController.swift in Sources */,
				1687A95821E1DC9A00741E3A /* SecretFavViewController.swift in Sources */,
				16E3A9BD21E7696700FBEBFA /* AppSettings.swift in Sources */,
				1687A96A21E1E42800741E3A /* MyDownloadViewController.swift in Sources */,
				160EECDE21E22A2E0006006C /* Kaoyaners.xcdatamodeld in Sources */,
				1617E20E21E4CD3F00DB38B7 /* OthersPickerCell.swift in Sources */,
				160EECDB21E222F30006006C /* LoginViewController.swift in Sources */,
				1687A97121E1E81800741E3A /* SourceShareViewController.swift in Sources */,
				160EECD221E218880006006C /* FavCircleSearchViewController.swift in Sources */,
				1617247321E091D20077984C /* MessageViewController.swift in Sources */,
				16560E2521DB539F00355BDA /* InitialViewController.swift in Sources */,
				160D6E3821E378B600111908 /* DataPersistenceService.swift in Sources */,
				1687A96221E1E3BF00741E3A /* FavCircleViewController.swift in Sources */,
				160D6E3621E345C600111908 /* SelectFileViewController.swift in Sources */,
				1687A95E21E1E2C800741E3A /* LicenseViewController.swift in Sources */,
				1687A95A21E1DE5400741E3A /* SkimFavViewController.swift in Sources */,
				16560E4E21DB610000355BDA /* BlacklistCell.swift in Sources */,
				16AAF93521DDE0D9002A242F /* PoliticDataStorage.swift in Sources */,
				16AAF92F21DDDC0D002A242F /* ResourceDataModel.swift in Sources */,
				160EECE021E233E60006006C /* AppAuthorizationSettings.swift in Sources */,
				1687A96421E1E3E400741E3A /* AttentionlistViewController.swift in Sources */,
			);
			runOnlyForDeploymentPostprocessing = 0;
		};
		16FFF76F21CF9BA400C07BB1 /* Sources */ = {
			isa = PBXSourcesBuildPhase;
			buildActionMask = 2147483647;
			files = (
				16FFF77821CF9BA400C07BB1 /* KaoyanersTests.swift in Sources */,
			);
			runOnlyForDeploymentPostprocessing = 0;
		};
		16FFF77A21CF9BA400C07BB1 /* Sources */ = {
			isa = PBXSourcesBuildPhase;
			buildActionMask = 2147483647;
			files = (
				16FFF78321CF9BA400C07BB1 /* KaoyanersUITests.swift in Sources */,
			);
			runOnlyForDeploymentPostprocessing = 0;
		};
/* End PBXSourcesBuildPhase section */

/* Begin PBXTargetDependency section */
		16FFF77521CF9BA400C07BB1 /* PBXTargetDependency */ = {
			isa = PBXTargetDependency;
			target = 16FFF75E21CF9BA200C07BB1 /* Kaoyaners */;
			targetProxy = 16FFF77421CF9BA400C07BB1 /* PBXContainerItemProxy */;
		};
		16FFF78021CF9BA400C07BB1 /* PBXTargetDependency */ = {
			isa = PBXTargetDependency;
			target = 16FFF75E21CF9BA200C07BB1 /* Kaoyaners */;
			targetProxy = 16FFF77F21CF9BA400C07BB1 /* PBXContainerItemProxy */;
		};
/* End PBXTargetDependency section */

/* Begin PBXVariantGroup section */
		16FFF76621CF9BA200C07BB1 /* Main.storyboard */ = {
			isa = PBXVariantGroup;
			children = (
				16FFF76721CF9BA200C07BB1 /* Base */,
			);
			name = Main.storyboard;
			sourceTree = "<group>";
		};
		16FFF76B21CF9BA400C07BB1 /* LaunchScreen.storyboard */ = {
			isa = PBXVariantGroup;
			children = (
				16FFF76C21CF9BA400C07BB1 /* Base */,
			);
			name = LaunchScreen.storyboard;
			sourceTree = "<group>";
		};
/* End PBXVariantGroup section */

/* Begin XCBuildConfiguration section */
		16FFF78521CF9BA400C07BB1 /* Debug */ = {
			isa = XCBuildConfiguration;
			buildSettings = {
				ALWAYS_SEARCH_USER_PATHS = NO;
				CLANG_ANALYZER_NONNULL = YES;
				CLANG_ANALYZER_NUMBER_OBJECT_CONVERSION = YES_AGGRESSIVE;
				CLANG_CXX_LANGUAGE_STANDARD = "gnu++14";
				CLANG_CXX_LIBRARY = "libc++";
				CLANG_ENABLE_MODULES = YES;
				CLANG_ENABLE_OBJC_ARC = YES;
				CLANG_ENABLE_OBJC_WEAK = YES;
				CLANG_WARN_BLOCK_CAPTURE_AUTORELEASING = YES;
				CLANG_WARN_BOOL_CONVERSION = YES;
				CLANG_WARN_COMMA = YES;
				CLANG_WARN_CONSTANT_CONVERSION = YES;
				CLANG_WARN_DEPRECATED_OBJC_IMPLEMENTATIONS = YES;
				CLANG_WARN_DIRECT_OBJC_ISA_USAGE = YES_ERROR;
				CLANG_WARN_DOCUMENTATION_COMMENTS = YES;
				CLANG_WARN_EMPTY_BODY = YES;
				CLANG_WARN_ENUM_CONVERSION = YES;
				CLANG_WARN_INFINITE_RECURSION = YES;
				CLANG_WARN_INT_CONVERSION = YES;
				CLANG_WARN_NON_LITERAL_NULL_CONVERSION = YES;
				CLANG_WARN_OBJC_IMPLICIT_RETAIN_SELF = YES;
				CLANG_WARN_OBJC_LITERAL_CONVERSION = YES;
				CLANG_WARN_OBJC_ROOT_CLASS = YES_ERROR;
				CLANG_WARN_RANGE_LOOP_ANALYSIS = YES;
				CLANG_WARN_STRICT_PROTOTYPES = YES;
				CLANG_WARN_SUSPICIOUS_MOVE = YES;
				CLANG_WARN_UNGUARDED_AVAILABILITY = YES_AGGRESSIVE;
				CLANG_WARN_UNREACHABLE_CODE = YES;
				CLANG_WARN__DUPLICATE_METHOD_MATCH = YES;
				CODE_SIGN_IDENTITY = "iPhone Developer";
				COPY_PHASE_STRIP = NO;
				DEBUG_INFORMATION_FORMAT = dwarf;
				ENABLE_STRICT_OBJC_MSGSEND = YES;
				ENABLE_TESTABILITY = YES;
				GCC_C_LANGUAGE_STANDARD = gnu11;
				GCC_DYNAMIC_NO_PIC = NO;
				GCC_NO_COMMON_BLOCKS = YES;
				GCC_OPTIMIZATION_LEVEL = 0;
				GCC_PREPROCESSOR_DEFINITIONS = (
					"DEBUG=1",
					"$(inherited)",
				);
				GCC_WARN_64_TO_32_BIT_CONVERSION = YES;
				GCC_WARN_ABOUT_RETURN_TYPE = YES_ERROR;
				GCC_WARN_UNDECLARED_SELECTOR = YES;
				GCC_WARN_UNINITIALIZED_AUTOS = YES_AGGRESSIVE;
				GCC_WARN_UNUSED_FUNCTION = YES;
				GCC_WARN_UNUSED_VARIABLE = YES;
				IPHONEOS_DEPLOYMENT_TARGET = 12.1;
				MTL_ENABLE_DEBUG_INFO = INCLUDE_SOURCE;
				MTL_FAST_MATH = YES;
				ONLY_ACTIVE_ARCH = YES;
				SDKROOT = iphoneos;
				SWIFT_ACTIVE_COMPILATION_CONDITIONS = DEBUG;
				SWIFT_OPTIMIZATION_LEVEL = "-Onone";
			};
			name = Debug;
		};
		16FFF78621CF9BA400C07BB1 /* Release */ = {
			isa = XCBuildConfiguration;
			buildSettings = {
				ALWAYS_SEARCH_USER_PATHS = NO;
				CLANG_ANALYZER_NONNULL = YES;
				CLANG_ANALYZER_NUMBER_OBJECT_CONVERSION = YES_AGGRESSIVE;
				CLANG_CXX_LANGUAGE_STANDARD = "gnu++14";
				CLANG_CXX_LIBRARY = "libc++";
				CLANG_ENABLE_MODULES = YES;
				CLANG_ENABLE_OBJC_ARC = YES;
				CLANG_ENABLE_OBJC_WEAK = YES;
				CLANG_WARN_BLOCK_CAPTURE_AUTORELEASING = YES;
				CLANG_WARN_BOOL_CONVERSION = YES;
				CLANG_WARN_COMMA = YES;
				CLANG_WARN_CONSTANT_CONVERSION = YES;
				CLANG_WARN_DEPRECATED_OBJC_IMPLEMENTATIONS = YES;
				CLANG_WARN_DIRECT_OBJC_ISA_USAGE = YES_ERROR;
				CLANG_WARN_DOCUMENTATION_COMMENTS = YES;
				CLANG_WARN_EMPTY_BODY = YES;
				CLANG_WARN_ENUM_CONVERSION = YES;
				CLANG_WARN_INFINITE_RECURSION = YES;
				CLANG_WARN_INT_CONVERSION = YES;
				CLANG_WARN_NON_LITERAL_NULL_CONVERSION = YES;
				CLANG_WARN_OBJC_IMPLICIT_RETAIN_SELF = YES;
				CLANG_WARN_OBJC_LITERAL_CONVERSION = YES;
				CLANG_WARN_OBJC_ROOT_CLASS = YES_ERROR;
				CLANG_WARN_RANGE_LOOP_ANALYSIS = YES;
				CLANG_WARN_STRICT_PROTOTYPES = YES;
				CLANG_WARN_SUSPICIOUS_MOVE = YES;
				CLANG_WARN_UNGUARDED_AVAILABILITY = YES_AGGRESSIVE;
				CLANG_WARN_UNREACHABLE_CODE = YES;
				CLANG_WARN__DUPLICATE_METHOD_MATCH = YES;
				CODE_SIGN_IDENTITY = "iPhone Developer";
				COPY_PHASE_STRIP = NO;
				DEBUG_INFORMATION_FORMAT = "dwarf-with-dsym";
				ENABLE_NS_ASSERTIONS = NO;
				ENABLE_STRICT_OBJC_MSGSEND = YES;
				GCC_C_LANGUAGE_STANDARD = gnu11;
				GCC_NO_COMMON_BLOCKS = YES;
				GCC_WARN_64_TO_32_BIT_CONVERSION = YES;
				GCC_WARN_ABOUT_RETURN_TYPE = YES_ERROR;
				GCC_WARN_UNDECLARED_SELECTOR = YES;
				GCC_WARN_UNINITIALIZED_AUTOS = YES_AGGRESSIVE;
				GCC_WARN_UNUSED_FUNCTION = YES;
				GCC_WARN_UNUSED_VARIABLE = YES;
				IPHONEOS_DEPLOYMENT_TARGET = 12.1;
				MTL_ENABLE_DEBUG_INFO = NO;
				MTL_FAST_MATH = YES;
				SDKROOT = iphoneos;
				SWIFT_COMPILATION_MODE = wholemodule;
				SWIFT_OPTIMIZATION_LEVEL = "-O";
				VALIDATE_PRODUCT = YES;
			};
			name = Release;
		};
		16FFF78821CF9BA400C07BB1 /* Debug */ = {
			isa = XCBuildConfiguration;
			baseConfigurationReference = C3E5C8D2FAC13BD37D601A0E /* Pods-Kaoyaners.debug.xcconfig */;
			buildSettings = {
				ASSETCATALOG_COMPILER_APPICON_NAME = AppIcon;
				CODE_SIGN_STYLE = Automatic;
				INFOPLIST_FILE = Kaoyaners/Supports/Info.plist;
				IPHONEOS_DEPLOYMENT_TARGET = 12.0;
				LD_RUNPATH_SEARCH_PATHS = (
					"$(inherited)",
					"@executable_path/Frameworks",
				);
				PRODUCT_BUNDLE_IDENTIFIER = cn.nju.sinestro.Kaoyaners;
				PRODUCT_NAME = "$(TARGET_NAME)";
				SWIFT_VERSION = 4.2;
				TARGETED_DEVICE_FAMILY = "1,2";
			};
			name = Debug;
		};
		16FFF78921CF9BA400C07BB1 /* Release */ = {
			isa = XCBuildConfiguration;
			baseConfigurationReference = 6D33F8C0FC98B4629728670D /* Pods-Kaoyaners.release.xcconfig */;
			buildSettings = {
				ASSETCATALOG_COMPILER_APPICON_NAME = AppIcon;
				CODE_SIGN_STYLE = Automatic;
				INFOPLIST_FILE = Kaoyaners/Supports/Info.plist;
				IPHONEOS_DEPLOYMENT_TARGET = 12.0;
				LD_RUNPATH_SEARCH_PATHS = (
					"$(inherited)",
					"@executable_path/Frameworks",
				);
				PRODUCT_BUNDLE_IDENTIFIER = cn.nju.sinestro.Kaoyaners;
				PRODUCT_NAME = "$(TARGET_NAME)";
				SWIFT_VERSION = 4.2;
				TARGETED_DEVICE_FAMILY = "1,2";
			};
			name = Release;
		};
		16FFF78B21CF9BA400C07BB1 /* Debug */ = {
			isa = XCBuildConfiguration;
			baseConfigurationReference = AB12BF3F25B39A992113D3A7 /* Pods-KaoyanersTests.debug.xcconfig */;
			buildSettings = {
				ALWAYS_EMBED_SWIFT_STANDARD_LIBRARIES = YES;
				BUNDLE_LOADER = "$(TEST_HOST)";
				CODE_SIGN_STYLE = Automatic;
				INFOPLIST_FILE = KaoyanersTests/Info.plist;
				LD_RUNPATH_SEARCH_PATHS = (
					"$(inherited)",
					"@executable_path/Frameworks",
					"@loader_path/Frameworks",
				);
				PRODUCT_BUNDLE_IDENTIFIER = cn.nju.sinestro.KaoyanersTests;
				PRODUCT_NAME = "$(TARGET_NAME)";
				SWIFT_VERSION = 4.2;
				TARGETED_DEVICE_FAMILY = "1,2";
				TEST_HOST = "$(BUILT_PRODUCTS_DIR)/Kaoyaners.app/Kaoyaners";
			};
			name = Debug;
		};
		16FFF78C21CF9BA400C07BB1 /* Release */ = {
			isa = XCBuildConfiguration;
			baseConfigurationReference = 67B64DFD7B9D907862E85C17 /* Pods-KaoyanersTests.release.xcconfig */;
			buildSettings = {
				ALWAYS_EMBED_SWIFT_STANDARD_LIBRARIES = YES;
				BUNDLE_LOADER = "$(TEST_HOST)";
				CODE_SIGN_STYLE = Automatic;
				INFOPLIST_FILE = KaoyanersTests/Info.plist;
				LD_RUNPATH_SEARCH_PATHS = (
					"$(inherited)",
					"@executable_path/Frameworks",
					"@loader_path/Frameworks",
				);
				PRODUCT_BUNDLE_IDENTIFIER = cn.nju.sinestro.KaoyanersTests;
				PRODUCT_NAME = "$(TARGET_NAME)";
				SWIFT_VERSION = 4.2;
				TARGETED_DEVICE_FAMILY = "1,2";
				TEST_HOST = "$(BUILT_PRODUCTS_DIR)/Kaoyaners.app/Kaoyaners";
			};
			name = Release;
		};
		16FFF78E21CF9BA400C07BB1 /* Debug */ = {
			isa = XCBuildConfiguration;
			baseConfigurationReference = 1F007DBB772D3AAA163C403C /* Pods-KaoyanersUITests.debug.xcconfig */;
			buildSettings = {
				ALWAYS_EMBED_SWIFT_STANDARD_LIBRARIES = YES;
				CODE_SIGN_STYLE = Automatic;
				INFOPLIST_FILE = KaoyanersUITests/Info.plist;
				LD_RUNPATH_SEARCH_PATHS = (
					"$(inherited)",
					"@executable_path/Frameworks",
					"@loader_path/Frameworks",
				);
				PRODUCT_BUNDLE_IDENTIFIER = cn.nju.sinestro.KaoyanersUITests;
				PRODUCT_NAME = "$(TARGET_NAME)";
				SWIFT_VERSION = 4.2;
				TARGETED_DEVICE_FAMILY = "1,2";
				TEST_TARGET_NAME = Kaoyaners;
			};
			name = Debug;
		};
		16FFF78F21CF9BA400C07BB1 /* Release */ = {
			isa = XCBuildConfiguration;
			baseConfigurationReference = 505BC84674435E4B3A4946A2 /* Pods-KaoyanersUITests.release.xcconfig */;
			buildSettings = {
				ALWAYS_EMBED_SWIFT_STANDARD_LIBRARIES = YES;
				CODE_SIGN_STYLE = Automatic;
				INFOPLIST_FILE = KaoyanersUITests/Info.plist;
				LD_RUNPATH_SEARCH_PATHS = (
					"$(inherited)",
					"@executable_path/Frameworks",
					"@loader_path/Frameworks",
				);
				PRODUCT_BUNDLE_IDENTIFIER = cn.nju.sinestro.KaoyanersUITests;
				PRODUCT_NAME = "$(TARGET_NAME)";
				SWIFT_VERSION = 4.2;
				TARGETED_DEVICE_FAMILY = "1,2";
				TEST_TARGET_NAME = Kaoyaners;
			};
			name = Release;
		};
/* End XCBuildConfiguration section */

/* Begin XCConfigurationList section */
		16FFF75A21CF9BA200C07BB1 /* Build configuration list for PBXProject "Kaoyaners" */ = {
			isa = XCConfigurationList;
			buildConfigurations = (
				16FFF78521CF9BA400C07BB1 /* Debug */,
				16FFF78621CF9BA400C07BB1 /* Release */,
			);
			defaultConfigurationIsVisible = 0;
			defaultConfigurationName = Release;
		};
		16FFF78721CF9BA400C07BB1 /* Build configuration list for PBXNativeTarget "Kaoyaners" */ = {
			isa = XCConfigurationList;
			buildConfigurations = (
				16FFF78821CF9BA400C07BB1 /* Debug */,
				16FFF78921CF9BA400C07BB1 /* Release */,
			);
			defaultConfigurationIsVisible = 0;
			defaultConfigurationName = Release;
		};
		16FFF78A21CF9BA400C07BB1 /* Build configuration list for PBXNativeTarget "KaoyanersTests" */ = {
			isa = XCConfigurationList;
			buildConfigurations = (
				16FFF78B21CF9BA400C07BB1 /* Debug */,
				16FFF78C21CF9BA400C07BB1 /* Release */,
			);
			defaultConfigurationIsVisible = 0;
			defaultConfigurationName = Release;
		};
		16FFF78D21CF9BA400C07BB1 /* Build configuration list for PBXNativeTarget "KaoyanersUITests" */ = {
			isa = XCConfigurationList;
			buildConfigurations = (
				16FFF78E21CF9BA400C07BB1 /* Debug */,
				16FFF78F21CF9BA400C07BB1 /* Release */,
			);
			defaultConfigurationIsVisible = 0;
			defaultConfigurationName = Release;
		};
/* End XCConfigurationList section */

/* Begin XCVersionGroup section */
		160EECDC21E22A2E0006006C /* Kaoyaners.xcdatamodeld */ = {
			isa = XCVersionGroup;
			children = (
				160EECDD21E22A2E0006006C /* Model.xcdatamodel */,
			);
			currentVersion = 160EECDD21E22A2E0006006C /* Model.xcdatamodel */;
			path = Kaoyaners.xcdatamodeld;
			sourceTree = "<group>";
			versionGroupType = wrapper.xcdatamodel;
		};
/* End XCVersionGroup section */
	};
	rootObject = 16FFF75721CF9BA200C07BB1 /* Project object */;
}
